// !$*UTF8*$!
{
	archiveVersion = 1;
	classes = {
	};
	objectVersion = 47;
	objects = {

/* Begin PBXBuildFile section */
		0F3EF24620481D9F00AB4B9C /* SearchVC.swift in Sources */ = {isa = PBXBuildFile; fileRef = 0F3EF24520481D9F00AB4B9C /* SearchVC.swift */; };
		0F8F08351DF61D1A00307C02 /* Alamofire.framework in Frameworks */ = {isa = PBXBuildFile; fileRef = 0FF7FC471DF60E8C00E1E4E7 /* Alamofire.framework */; };
		0F8F08361DF61D1A00307C02 /* Alamofire.framework in Embed Frameworks */ = {isa = PBXBuildFile; fileRef = 0FF7FC471DF60E8C00E1E4E7 /* Alamofire.framework */; settings = {ATTRIBUTES = (CodeSignOnCopy, RemoveHeadersOnCopy, ); }; };
		0F94EDB61DF6298200EAF27B /* TripRouteViewModel.swift in Sources */ = {isa = PBXBuildFile; fileRef = 0F94EDB41DF6298200EAF27B /* TripRouteViewModel.swift */; };
		0F94EDB71DF6298200EAF27B /* TripViewController.swift in Sources */ = {isa = PBXBuildFile; fileRef = 0F94EDB51DF6298200EAF27B /* TripViewController.swift */; };
		0FACA08B1FE5E03900522539 /* SearchLocationResponseModel.swift in Sources */ = {isa = PBXBuildFile; fileRef = 0FACA08A1FE5E03900522539 /* SearchLocationResponseModel.swift */; };
		0FACA08D1FE5E9D100522539 /* RealmSwift.framework in Frameworks */ = {isa = PBXBuildFile; fileRef = 0FACA08C1FE5E9D100522539 /* RealmSwift.framework */; };
		0FACA08F1FE5E9EE00522539 /* Realm.framework in Frameworks */ = {isa = PBXBuildFile; fileRef = 0FACA08E1FE5E9EE00522539 /* Realm.framework */; };
		0FACA0901FE5EA0500522539 /* RealmSwift.framework in Frameworks */ = {isa = PBXBuildFile; fileRef = 0FACA08C1FE5E9D100522539 /* RealmSwift.framework */; };
		0FACA0911FE5EA0500522539 /* RealmSwift.framework in Embed Frameworks */ = {isa = PBXBuildFile; fileRef = 0FACA08C1FE5E9D100522539 /* RealmSwift.framework */; settings = {ATTRIBUTES = (CodeSignOnCopy, RemoveHeadersOnCopy, ); }; };
		0FACA0921FE5EA0A00522539 /* Realm.framework in Frameworks */ = {isa = PBXBuildFile; fileRef = 0FACA08E1FE5E9EE00522539 /* Realm.framework */; };
		0FACA0931FE5EA0A00522539 /* Realm.framework in Embed Frameworks */ = {isa = PBXBuildFile; fileRef = 0FACA08E1FE5E9EE00522539 /* Realm.framework */; settings = {ATTRIBUTES = (CodeSignOnCopy, RemoveHeadersOnCopy, ); }; };
		0FACA0951FE5EA5300522539 /* StraxRealm.swift in Sources */ = {isa = PBXBuildFile; fileRef = 0FACA0941FE5EA5300522539 /* StraxRealm.swift */; };
		0FACA0981FE5F4C700522539 /* RealmExtensions.swift in Sources */ = {isa = PBXBuildFile; fileRef = 0FACA0971FE5F4C700522539 /* RealmExtensions.swift */; };
		0FACA09A1FE6F95900522539 /* RealmObject.swift in Sources */ = {isa = PBXBuildFile; fileRef = 0FACA0991FE6F95900522539 /* RealmObject.swift */; };
		0FF7FC451DF608FD00E1E4E7 /* Cartfile in Resources */ = {isa = PBXBuildFile; fileRef = 0FF7FC441DF608FD00E1E4E7 /* Cartfile */; };
		4525B97A1BC1607600FC03DC /* AnnotationClusterView.swift in Sources */ = {isa = PBXBuildFile; fileRef = 4525B9791BC1607600FC03DC /* AnnotationClusterView.swift */; };
		4525B97C1BC1625100FC03DC /* AnnotationClusterView.xib in Resources */ = {isa = PBXBuildFile; fileRef = 4525B97B1BC1625100FC03DC /* AnnotationClusterView.xib */; };
		4548EAB31BB49D7000A15921 /* Annotation.swift in Sources */ = {isa = PBXBuildFile; fileRef = 4548EAB21BB49D7000A15921 /* Annotation.swift */; };
		45CCAE171BC19E10003039F8 /* MapKit.framework in Frameworks */ = {isa = PBXBuildFile; fileRef = 45CCAE161BC19E10003039F8 /* MapKit.framework */; };
		DFA6A7BD1BB340300052F7D7 /* SLDataProvider.swift in Sources */ = {isa = PBXBuildFile; fileRef = DFA6A7BC1BB340300052F7D7 /* SLDataProvider.swift */; };
		DFA6A7C31BB3405C0052F7D7 /* Location.swift in Sources */ = {isa = PBXBuildFile; fileRef = DFA6A7C21BB3405C0052F7D7 /* Location.swift */; };
		DFA6A7C71BB3407D0052F7D7 /* Trip.swift in Sources */ = {isa = PBXBuildFile; fileRef = DFA6A7C51BB3407D0052F7D7 /* Trip.swift */; };
		DFA6A7C81BB3407D0052F7D7 /* TravelLocation.swift in Sources */ = {isa = PBXBuildFile; fileRef = DFA6A7C61BB3407D0052F7D7 /* TravelLocation.swift */; };
		DFA6A7CC1BB340950052F7D7 /* MapViewController.swift in Sources */ = {isa = PBXBuildFile; fileRef = DFA6A7C91BB340950052F7D7 /* MapViewController.swift */; };
		DFA6A7CD1BB340950052F7D7 /* AddLocationViewController.swift in Sources */ = {isa = PBXBuildFile; fileRef = DFA6A7CA1BB340950052F7D7 /* AddLocationViewController.swift */; };
		DFA6A7CE1BB340950052F7D7 /* Main.storyboard in Resources */ = {isa = PBXBuildFile; fileRef = DFA6A7CB1BB340950052F7D7 /* Main.storyboard */; };
		DFA6A7D01BB340A10052F7D7 /* LaunchScreen.xib in Resources */ = {isa = PBXBuildFile; fileRef = DFA6A7CF1BB340A10052F7D7 /* LaunchScreen.xib */; };
		DFA6A7D51BB340C90052F7D7 /* AnnotationLocationView.xib in Resources */ = {isa = PBXBuildFile; fileRef = DFA6A7D11BB340C80052F7D7 /* AnnotationLocationView.xib */; };
		DFA6A7D61BB340C90052F7D7 /* LineView.swift in Sources */ = {isa = PBXBuildFile; fileRef = DFA6A7D21BB340C90052F7D7 /* LineView.swift */; };
		DFA6A7D71BB340C90052F7D7 /* AnnotationView.swift in Sources */ = {isa = PBXBuildFile; fileRef = DFA6A7D31BB340C90052F7D7 /* AnnotationView.swift */; };
		DFA6A7D81BB340C90052F7D7 /* MapInteractor.swift in Sources */ = {isa = PBXBuildFile; fileRef = DFA6A7D41BB340C90052F7D7 /* MapInteractor.swift */; };
		DFE34D421BB3362F00096025 /* AppDelegate.swift in Sources */ = {isa = PBXBuildFile; fileRef = DFE34D411BB3362F00096025 /* AppDelegate.swift */; };
		DFE34D4C1BB3362F00096025 /* Assets.xcassets in Resources */ = {isa = PBXBuildFile; fileRef = DFE34D4B1BB3362F00096025 /* Assets.xcassets */; };
/* End PBXBuildFile section */

/* Begin PBXCopyFilesBuildPhase section */
		0F8F08391DF61D1A00307C02 /* Embed Frameworks */ = {
			isa = PBXCopyFilesBuildPhase;
			buildActionMask = 2147483647;
			dstPath = "";
			dstSubfolderSpec = 10;
			files = (
				0FACA0931FE5EA0A00522539 /* Realm.framework in Embed Frameworks */,
				0FACA0911FE5EA0500522539 /* RealmSwift.framework in Embed Frameworks */,
				0F8F08361DF61D1A00307C02 /* Alamofire.framework in Embed Frameworks */,
			);
			name = "Embed Frameworks";
			runOnlyForDeploymentPostprocessing = 0;
		};
/* End PBXCopyFilesBuildPhase section */

/* Begin PBXFileReference section */
		0F3EF24520481D9F00AB4B9C /* SearchVC.swift */ = {isa = PBXFileReference; lastKnownFileType = sourcecode.swift; path = SearchVC.swift; sourceTree = "<group>"; };
		0F94EDB41DF6298200EAF27B /* TripRouteViewModel.swift */ = {isa = PBXFileReference; fileEncoding = 4; lastKnownFileType = sourcecode.swift; path = TripRouteViewModel.swift; sourceTree = "<group>"; };
		0F94EDB51DF6298200EAF27B /* TripViewController.swift */ = {isa = PBXFileReference; fileEncoding = 4; lastKnownFileType = sourcecode.swift; path = TripViewController.swift; sourceTree = "<group>"; };
		0FACA08A1FE5E03900522539 /* SearchLocationResponseModel.swift */ = {isa = PBXFileReference; lastKnownFileType = sourcecode.swift; path = SearchLocationResponseModel.swift; sourceTree = "<group>"; };
		0FACA08C1FE5E9D100522539 /* RealmSwift.framework */ = {isa = PBXFileReference; lastKnownFileType = wrapper.framework; name = RealmSwift.framework; path = Carthage/Build/iOS/RealmSwift.framework; sourceTree = "<group>"; };
		0FACA08E1FE5E9EE00522539 /* Realm.framework */ = {isa = PBXFileReference; lastKnownFileType = wrapper.framework; name = Realm.framework; path = Carthage/Build/iOS/Realm.framework; sourceTree = "<group>"; };
		0FACA0941FE5EA5300522539 /* StraxRealm.swift */ = {isa = PBXFileReference; lastKnownFileType = sourcecode.swift; path = StraxRealm.swift; sourceTree = "<group>"; };
		0FACA0971FE5F4C700522539 /* RealmExtensions.swift */ = {isa = PBXFileReference; lastKnownFileType = sourcecode.swift; path = RealmExtensions.swift; sourceTree = "<group>"; };
		0FACA0991FE6F95900522539 /* RealmObject.swift */ = {isa = PBXFileReference; lastKnownFileType = sourcecode.swift; path = RealmObject.swift; sourceTree = "<group>"; };
		0FF7FC441DF608FD00E1E4E7 /* Cartfile */ = {isa = PBXFileReference; fileEncoding = 4; lastKnownFileType = text; path = Cartfile; sourceTree = "<group>"; };
		0FF7FC471DF60E8C00E1E4E7 /* Alamofire.framework */ = {isa = PBXFileReference; lastKnownFileType = wrapper.framework; name = Alamofire.framework; path = Carthage/Build/iOS/Alamofire.framework; sourceTree = "<group>"; };
		4525B9791BC1607600FC03DC /* AnnotationClusterView.swift */ = {isa = PBXFileReference; fileEncoding = 4; lastKnownFileType = sourcecode.swift; path = AnnotationClusterView.swift; sourceTree = "<group>"; };
		4525B97B1BC1625100FC03DC /* AnnotationClusterView.xib */ = {isa = PBXFileReference; fileEncoding = 4; lastKnownFileType = file.xib; path = AnnotationClusterView.xib; sourceTree = "<group>"; };
		4548EAB21BB49D7000A15921 /* Annotation.swift */ = {isa = PBXFileReference; fileEncoding = 4; lastKnownFileType = sourcecode.swift; path = Annotation.swift; sourceTree = "<group>"; };
		45CCAE161BC19E10003039F8 /* MapKit.framework */ = {isa = PBXFileReference; lastKnownFileType = wrapper.framework; name = MapKit.framework; path = System/Library/Frameworks/MapKit.framework; sourceTree = SDKROOT; };
		DFA6A7BC1BB340300052F7D7 /* SLDataProvider.swift */ = {isa = PBXFileReference; fileEncoding = 4; lastKnownFileType = sourcecode.swift; path = SLDataProvider.swift; sourceTree = "<group>"; };
		DFA6A7C21BB3405C0052F7D7 /* Location.swift */ = {isa = PBXFileReference; fileEncoding = 4; lastKnownFileType = sourcecode.swift; path = Location.swift; sourceTree = "<group>"; };
		DFA6A7C51BB3407D0052F7D7 /* Trip.swift */ = {isa = PBXFileReference; fileEncoding = 4; lastKnownFileType = sourcecode.swift; path = Trip.swift; sourceTree = "<group>"; };
		DFA6A7C61BB3407D0052F7D7 /* TravelLocation.swift */ = {isa = PBXFileReference; fileEncoding = 4; lastKnownFileType = sourcecode.swift; path = TravelLocation.swift; sourceTree = "<group>"; };
		DFA6A7C91BB340950052F7D7 /* MapViewController.swift */ = {isa = PBXFileReference; fileEncoding = 4; lastKnownFileType = sourcecode.swift; path = MapViewController.swift; sourceTree = "<group>"; };
		DFA6A7CA1BB340950052F7D7 /* AddLocationViewController.swift */ = {isa = PBXFileReference; fileEncoding = 4; lastKnownFileType = sourcecode.swift; path = AddLocationViewController.swift; sourceTree = "<group>"; };
		DFA6A7CB1BB340950052F7D7 /* Main.storyboard */ = {isa = PBXFileReference; fileEncoding = 4; lastKnownFileType = file.storyboard; path = Main.storyboard; sourceTree = "<group>"; };
		DFA6A7CF1BB340A10052F7D7 /* LaunchScreen.xib */ = {isa = PBXFileReference; fileEncoding = 4; lastKnownFileType = file.xib; path = LaunchScreen.xib; sourceTree = "<group>"; };
		DFA6A7D11BB340C80052F7D7 /* AnnotationLocationView.xib */ = {isa = PBXFileReference; fileEncoding = 4; lastKnownFileType = file.xib; path = AnnotationLocationView.xib; sourceTree = "<group>"; };
		DFA6A7D21BB340C90052F7D7 /* LineView.swift */ = {isa = PBXFileReference; fileEncoding = 4; lastKnownFileType = sourcecode.swift; path = LineView.swift; sourceTree = "<group>"; };
		DFA6A7D31BB340C90052F7D7 /* AnnotationView.swift */ = {isa = PBXFileReference; fileEncoding = 4; lastKnownFileType = sourcecode.swift; path = AnnotationView.swift; sourceTree = "<group>"; };
		DFA6A7D41BB340C90052F7D7 /* MapInteractor.swift */ = {isa = PBXFileReference; fileEncoding = 4; lastKnownFileType = sourcecode.swift; path = MapInteractor.swift; sourceTree = "<group>"; };
		DFE34D3E1BB3362F00096025 /* Strax.app */ = {isa = PBXFileReference; explicitFileType = wrapper.application; includeInIndex = 0; path = Strax.app; sourceTree = BUILT_PRODUCTS_DIR; };
		DFE34D411BB3362F00096025 /* AppDelegate.swift */ = {isa = PBXFileReference; lastKnownFileType = sourcecode.swift; path = AppDelegate.swift; sourceTree = "<group>"; };
		DFE34D4B1BB3362F00096025 /* Assets.xcassets */ = {isa = PBXFileReference; lastKnownFileType = folder.assetcatalog; path = Assets.xcassets; sourceTree = "<group>"; };
		DFE34D501BB3362F00096025 /* Info.plist */ = {isa = PBXFileReference; lastKnownFileType = text.plist.xml; path = Info.plist; sourceTree = "<group>"; };
/* End PBXFileReference section */

/* Begin PBXFrameworksBuildPhase section */
		DFE34D3B1BB3362F00096025 /* Frameworks */ = {
			isa = PBXFrameworksBuildPhase;
			buildActionMask = 2147483647;
			files = (
				0FACA0921FE5EA0A00522539 /* Realm.framework in Frameworks */,
				0FACA08F1FE5E9EE00522539 /* Realm.framework in Frameworks */,
				0FACA0901FE5EA0500522539 /* RealmSwift.framework in Frameworks */,
				0F8F08351DF61D1A00307C02 /* Alamofire.framework in Frameworks */,
				45CCAE171BC19E10003039F8 /* MapKit.framework in Frameworks */,
				0FACA08D1FE5E9D100522539 /* RealmSwift.framework in Frameworks */,
			);
			runOnlyForDeploymentPostprocessing = 0;
		};
/* End PBXFrameworksBuildPhase section */

/* Begin PBXGroup section */
		0F94EDB31DF6295A00EAF27B /* Detail */ = {
			isa = PBXGroup;
			children = (
				0F94EDB41DF6298200EAF27B /* TripRouteViewModel.swift */,
				0F94EDB51DF6298200EAF27B /* TripViewController.swift */,
			);
			name = Detail;
			sourceTree = "<group>";
		};
		0FACA0961FE5F4A600522539 /* Realm */ = {
			isa = PBXGroup;
			children = (
				0FACA0941FE5EA5300522539 /* StraxRealm.swift */,
				0FACA0971FE5F4C700522539 /* RealmExtensions.swift */,
				0FACA0991FE6F95900522539 /* RealmObject.swift */,
			);
			name = Realm;
			sourceTree = "<group>";
		};
		0FF7FC461DF60E8C00E1E4E7 /* Frameworks */ = {
			isa = PBXGroup;
			children = (
				0FACA08E1FE5E9EE00522539 /* Realm.framework */,
				0FACA08C1FE5E9D100522539 /* RealmSwift.framework */,
				0FF7FC471DF60E8C00E1E4E7 /* Alamofire.framework */,
				45CCAE161BC19E10003039F8 /* MapKit.framework */,
			);
			name = Frameworks;
			sourceTree = "<group>";
		};
		45CCAE181BC1A3E2003039F8 /* Annotation */ = {
			isa = PBXGroup;
			children = (
				DFA6A7D11BB340C80052F7D7 /* AnnotationLocationView.xib */,
				4525B97B1BC1625100FC03DC /* AnnotationClusterView.xib */,
				DFA6A7D31BB340C90052F7D7 /* AnnotationView.swift */,
				4525B9791BC1607600FC03DC /* AnnotationClusterView.swift */,
			);
			name = Annotation;
			sourceTree = "<group>";
		};
		45CCAE1B1BC1A4A5003039F8 /* Supporting Files */ = {
			isa = PBXGroup;
			children = (
				DFE34D411BB3362F00096025 /* AppDelegate.swift */,
				DFA6A7CA1BB340950052F7D7 /* AddLocationViewController.swift */,
				DFE34D501BB3362F00096025 /* Info.plist */,
				DFA6A7CF1BB340A10052F7D7 /* LaunchScreen.xib */,
				0F3EF24520481D9F00AB4B9C /* SearchVC.swift */,
			);
			name = "Supporting Files";
			sourceTree = "<group>";
		};
		DFA6A7C41BB340710052F7D7 /* Models */ = {
			isa = PBXGroup;
			children = (
				DFA6A7C51BB3407D0052F7D7 /* Trip.swift */,
				DFA6A7C61BB3407D0052F7D7 /* TravelLocation.swift */,
			);
			name = Models;
			sourceTree = "<group>";
		};
		DFA6A7D91BB340CE0052F7D7 /* Map */ = {
			isa = PBXGroup;
			children = (
				DFA6A7C91BB340950052F7D7 /* MapViewController.swift */,
				45CCAE181BC1A3E2003039F8 /* Annotation */,
				DFA6A7D21BB340C90052F7D7 /* LineView.swift */,
				DFA6A7D41BB340C90052F7D7 /* MapInteractor.swift */,
				4548EAB21BB49D7000A15921 /* Annotation.swift */,
			);
			name = Map;
			sourceTree = "<group>";
		};
		DFA6A7DA1BB341440052F7D7 /* API */ = {
			isa = PBXGroup;
			children = (
				DFA6A7BC1BB340300052F7D7 /* SLDataProvider.swift */,
				0FACA08A1FE5E03900522539 /* SearchLocationResponseModel.swift */,
			);
			name = API;
			sourceTree = "<group>";
		};
		DFA6A7DB1BB341600052F7D7 /* Database */ = {
			isa = PBXGroup;
			children = (
				0FACA0961FE5F4A600522539 /* Realm */,
				DFA6A7C21BB3405C0052F7D7 /* Location.swift */,
			);
			name = Database;
			sourceTree = "<group>";
		};
		DFE34D351BB3362F00096025 = {
			isa = PBXGroup;
			children = (
				0FF7FC441DF608FD00E1E4E7 /* Cartfile */,
				DFE34D401BB3362F00096025 /* Strax */,
				DFE34D3F1BB3362F00096025 /* Products */,
				0FF7FC461DF60E8C00E1E4E7 /* Frameworks */,
			);
			sourceTree = "<group>";
		};
		DFE34D3F1BB3362F00096025 /* Products */ = {
			isa = PBXGroup;
			children = (
				DFE34D3E1BB3362F00096025 /* Strax.app */,
			);
			name = Products;
			sourceTree = "<group>";
		};
		DFE34D401BB3362F00096025 /* Strax */ = {
			isa = PBXGroup;
			children = (
				DFA6A7CB1BB340950052F7D7 /* Main.storyboard */,
				DFE34D4B1BB3362F00096025 /* Assets.xcassets */,
				DFA6A7DA1BB341440052F7D7 /* API */,
				DFA6A7DB1BB341600052F7D7 /* Database */,
				DFA6A7C41BB340710052F7D7 /* Models */,
				0F94EDB31DF6295A00EAF27B /* Detail */,
				DFA6A7D91BB340CE0052F7D7 /* Map */,
				45CCAE1B1BC1A4A5003039F8 /* Supporting Files */,
			);
			path = Strax;
			sourceTree = "<group>";
		};
/* End PBXGroup section */

/* Begin PBXNativeTarget section */
		DFE34D3D1BB3362F00096025 /* Strax */ = {
			isa = PBXNativeTarget;
			buildConfigurationList = DFE34D691BB3362F00096025 /* Build configuration list for PBXNativeTarget "Strax" */;
			buildPhases = (
				DFE34D3A1BB3362F00096025 /* Sources */,
				DFE34D3B1BB3362F00096025 /* Frameworks */,
				DFE34D3C1BB3362F00096025 /* Resources */,
				0F8F08391DF61D1A00307C02 /* Embed Frameworks */,
			);
			buildRules = (
			);
			dependencies = (
			);
			name = Strax;
			productName = Strax;
			productReference = DFE34D3E1BB3362F00096025 /* Strax.app */;
			productType = "com.apple.product-type.application";
		};
/* End PBXNativeTarget section */

/* Begin PBXProject section */
		DFE34D361BB3362F00096025 /* Project object */ = {
			isa = PBXProject;
			attributes = {
				LastUpgradeCheck = 0920;
				ORGANIZATIONNAME = LemonandLime;
				TargetAttributes = {
					DFE34D3D1BB3362F00096025 = {
						CreatedOnToolsVersion = 7.0;
						DevelopmentTeam = N856DL6EH7;
						LastSwiftMigration = 0920;
						SystemCapabilities = {
							com.apple.Maps.iOS = {
								enabled = 1;
							};
						};
					};
				};
			};
			buildConfigurationList = DFE34D391BB3362F00096025 /* Build configuration list for PBXProject "Strax" */;
			compatibilityVersion = "Xcode 6.3";
			developmentRegion = English;
			hasScannedForEncodings = 0;
			knownRegions = (
				en,
				Base,
			);
			mainGroup = DFE34D351BB3362F00096025;
			productRefGroup = DFE34D3F1BB3362F00096025 /* Products */;
			projectDirPath = "";
			projectRoot = "";
			targets = (
				DFE34D3D1BB3362F00096025 /* Strax */,
			);
		};
/* End PBXProject section */

/* Begin PBXResourcesBuildPhase section */
		DFE34D3C1BB3362F00096025 /* Resources */ = {
			isa = PBXResourcesBuildPhase;
			buildActionMask = 2147483647;
			files = (
				DFE34D4C1BB3362F00096025 /* Assets.xcassets in Resources */,
				DFA6A7D51BB340C90052F7D7 /* AnnotationLocationView.xib in Resources */,
				4525B97C1BC1625100FC03DC /* AnnotationClusterView.xib in Resources */,
				DFA6A7D01BB340A10052F7D7 /* LaunchScreen.xib in Resources */,
				0FF7FC451DF608FD00E1E4E7 /* Cartfile in Resources */,
				DFA6A7CE1BB340950052F7D7 /* Main.storyboard in Resources */,
			);
			runOnlyForDeploymentPostprocessing = 0;
		};
/* End PBXResourcesBuildPhase section */

/* Begin PBXSourcesBuildPhase section */
		DFE34D3A1BB3362F00096025 /* Sources */ = {
			isa = PBXSourcesBuildPhase;
			buildActionMask = 2147483647;
			files = (
				0F94EDB71DF6298200EAF27B /* TripViewController.swift in Sources */,
				DFA6A7D71BB340C90052F7D7 /* AnnotationView.swift in Sources */,
				0FACA09A1FE6F95900522539 /* RealmObject.swift in Sources */,
				DFA6A7BD1BB340300052F7D7 /* SLDataProvider.swift in Sources */,
				4525B97A1BC1607600FC03DC /* AnnotationClusterView.swift in Sources */,
				0FACA0981FE5F4C700522539 /* RealmExtensions.swift in Sources */,
				4548EAB31BB49D7000A15921 /* Annotation.swift in Sources */,
				DFE34D421BB3362F00096025 /* AppDelegate.swift in Sources */,
				DFA6A7C31BB3405C0052F7D7 /* Location.swift in Sources */,
				0F3EF24620481D9F00AB4B9C /* SearchVC.swift in Sources */,
				DFA6A7D61BB340C90052F7D7 /* LineView.swift in Sources */,
				DFA6A7D81BB340C90052F7D7 /* MapInteractor.swift in Sources */,
				DFA6A7C71BB3407D0052F7D7 /* Trip.swift in Sources */,
				DFA6A7CC1BB340950052F7D7 /* MapViewController.swift in Sources */,
				DFA6A7CD1BB340950052F7D7 /* AddLocationViewController.swift in Sources */,
				0FACA0951FE5EA5300522539 /* StraxRealm.swift in Sources */,
				0FACA08B1FE5E03900522539 /* SearchLocationResponseModel.swift in Sources */,
				0F94EDB61DF6298200EAF27B /* TripRouteViewModel.swift in Sources */,
				DFA6A7C81BB3407D0052F7D7 /* TravelLocation.swift in Sources */,
			);
			runOnlyForDeploymentPostprocessing = 0;
		};
/* End PBXSourcesBuildPhase section */

/* Begin XCBuildConfiguration section */
		DFE34D671BB3362F00096025 /* Debug */ = {
			isa = XCBuildConfiguration;
			buildSettings = {
				ALWAYS_SEARCH_USER_PATHS = NO;
				CLANG_CXX_LANGUAGE_STANDARD = "gnu++0x";
				CLANG_CXX_LIBRARY = "libc++";
				CLANG_ENABLE_MODULES = YES;
				CLANG_ENABLE_OBJC_ARC = YES;
				CLANG_WARN_BLOCK_CAPTURE_AUTORELEASING = YES;
				CLANG_WARN_BOOL_CONVERSION = YES;
				CLANG_WARN_COMMA = YES;
				CLANG_WARN_CONSTANT_CONVERSION = YES;
				CLANG_WARN_DIRECT_OBJC_ISA_USAGE = YES_ERROR;
				CLANG_WARN_EMPTY_BODY = YES;
				CLANG_WARN_ENUM_CONVERSION = YES;
				CLANG_WARN_INFINITE_RECURSION = YES;
				CLANG_WARN_INT_CONVERSION = YES;
				CLANG_WARN_NON_LITERAL_NULL_CONVERSION = YES;
				CLANG_WARN_OBJC_LITERAL_CONVERSION = YES;
				CLANG_WARN_OBJC_ROOT_CLASS = YES_ERROR;
				CLANG_WARN_RANGE_LOOP_ANALYSIS = YES;
				CLANG_WARN_STRICT_PROTOTYPES = YES;
				CLANG_WARN_SUSPICIOUS_MOVE = YES;
				CLANG_WARN_UNREACHABLE_CODE = YES;
				CLANG_WARN__DUPLICATE_METHOD_MATCH = YES;
				"CODE_SIGN_IDENTITY[sdk=iphoneos*]" = "iPhone Developer";
				COPY_PHASE_STRIP = NO;
				DEBUG_INFORMATION_FORMAT = dwarf;
				ENABLE_STRICT_OBJC_MSGSEND = YES;
				ENABLE_TESTABILITY = YES;
				GCC_C_LANGUAGE_STANDARD = gnu99;
				GCC_DYNAMIC_NO_PIC = NO;
				GCC_NO_COMMON_BLOCKS = YES;
				GCC_OPTIMIZATION_LEVEL = 0;
				GCC_PREPROCESSOR_DEFINITIONS = (
					"DEBUG=1",
					"$(inherited)",
				);
				GCC_WARN_64_TO_32_BIT_CONVERSION = YES;
				GCC_WARN_ABOUT_RETURN_TYPE = YES_ERROR;
				GCC_WARN_UNDECLARED_SELECTOR = YES;
				GCC_WARN_UNINITIALIZED_AUTOS = YES_AGGRESSIVE;
				GCC_WARN_UNUSED_FUNCTION = YES;
				GCC_WARN_UNUSED_VARIABLE = YES;
				IPHONEOS_DEPLOYMENT_TARGET = 9.0;
				MTL_ENABLE_DEBUG_INFO = YES;
				ONLY_ACTIVE_ARCH = YES;
				SDKROOT = iphoneos;
				SWIFT_OPTIMIZATION_LEVEL = "-Onone";
				SWIFT_VERSION = "";
				TARGETED_DEVICE_FAMILY = "1,2";
			};
			name = Debug;
		};
		DFE34D681BB3362F00096025 /* Release */ = {
			isa = XCBuildConfiguration;
			buildSettings = {
				ALWAYS_SEARCH_USER_PATHS = NO;
				CLANG_CXX_LANGUAGE_STANDARD = "gnu++0x";
				CLANG_CXX_LIBRARY = "libc++";
				CLANG_ENABLE_MODULES = YES;
				CLANG_ENABLE_OBJC_ARC = YES;
				CLANG_WARN_BLOCK_CAPTURE_AUTORELEASING = YES;
				CLANG_WARN_BOOL_CONVERSION = YES;
				CLANG_WARN_COMMA = YES;
				CLANG_WARN_CONSTANT_CONVERSION = YES;
				CLANG_WARN_DIRECT_OBJC_ISA_USAGE = YES_ERROR;
				CLANG_WARN_EMPTY_BODY = YES;
				CLANG_WARN_ENUM_CONVERSION = YES;
				CLANG_WARN_INFINITE_RECURSION = YES;
				CLANG_WARN_INT_CONVERSION = YES;
				CLANG_WARN_NON_LITERAL_NULL_CONVERSION = YES;
				CLANG_WARN_OBJC_LITERAL_CONVERSION = YES;
				CLANG_WARN_OBJC_ROOT_CLASS = YES_ERROR;
				CLANG_WARN_RANGE_LOOP_ANALYSIS = YES;
				CLANG_WARN_STRICT_PROTOTYPES = YES;
				CLANG_WARN_SUSPICIOUS_MOVE = YES;
				CLANG_WARN_UNREACHABLE_CODE = YES;
				CLANG_WARN__DUPLICATE_METHOD_MATCH = YES;
				"CODE_SIGN_IDENTITY[sdk=iphoneos*]" = "iPhone Developer";
				COPY_PHASE_STRIP = NO;
				DEBUG_INFORMATION_FORMAT = "dwarf-with-dsym";
				ENABLE_NS_ASSERTIONS = NO;
				ENABLE_STRICT_OBJC_MSGSEND = YES;
				GCC_C_LANGUAGE_STANDARD = gnu99;
				GCC_NO_COMMON_BLOCKS = YES;
				GCC_WARN_64_TO_32_BIT_CONVERSION = YES;
				GCC_WARN_ABOUT_RETURN_TYPE = YES_ERROR;
				GCC_WARN_UNDECLARED_SELECTOR = YES;
				GCC_WARN_UNINITIALIZED_AUTOS = YES_AGGRESSIVE;
				GCC_WARN_UNUSED_FUNCTION = YES;
				GCC_WARN_UNUSED_VARIABLE = YES;
				IPHONEOS_DEPLOYMENT_TARGET = 9.0;
				MTL_ENABLE_DEBUG_INFO = NO;
				SDKROOT = iphoneos;
				SWIFT_OPTIMIZATION_LEVEL = "-Owholemodule";
				SWIFT_VERSION = "";
				TARGETED_DEVICE_FAMILY = "1,2";
				VALIDATE_PRODUCT = YES;
			};
			name = Release;
		};
		DFE34D6A1BB3362F00096025 /* Debug */ = {
			isa = XCBuildConfiguration;
			buildSettings = {
				ASSETCATALOG_COMPILER_APPICON_NAME = AppIcon;
				CLANG_ENABLE_MODULES = YES;
				CODE_SIGN_IDENTITY = "iPhone Developer";
				DEVELOPMENT_TEAM = N856DL6EH7;
				FRAMEWORK_SEARCH_PATHS = (
					"$(inherited)",
					"$(PROJECT_DIR)/Carthage/Build/iOS",
				);
				INFOPLIST_FILE = Strax/Info.plist;
				IPHONEOS_DEPLOYMENT_TARGET = 11.0;
				LD_RUNPATH_SEARCH_PATHS = "$(inherited) @executable_path/Frameworks";
				PRODUCT_BUNDLE_IDENTIFIER = se.lemonandlime.StraxSL;
				PRODUCT_NAME = "$(TARGET_NAME)";
				SWIFT_INSTALL_OBJC_HEADER = NO;
				SWIFT_OPTIMIZATION_LEVEL = "-Onone";
				SWIFT_SWIFT3_OBJC_INFERENCE = On;
				SWIFT_VERSION = 4.0;
			};
			name = Debug;
		};
		DFE34D6B1BB3362F00096025 /* Release */ = {
			isa = XCBuildConfiguration;
			buildSettings = {
				ASSETCATALOG_COMPILER_APPICON_NAME = AppIcon;
				CLANG_ENABLE_MODULES = YES;
				CODE_SIGN_IDENTITY = "iPhone Developer";
				DEVELOPMENT_TEAM = N856DL6EH7;
				FRAMEWORK_SEARCH_PATHS = (
					"$(inherited)",
					"$(PROJECT_DIR)/Carthage/Build/iOS",
				);
				INFOPLIST_FILE = Strax/Info.plist;
				IPHONEOS_DEPLOYMENT_TARGET = 11.0;
				LD_RUNPATH_SEARCH_PATHS = "$(inherited) @executable_path/Frameworks";
				PRODUCT_BUNDLE_IDENTIFIER = se.lemonandlime.StraxSL;
				PRODUCT_NAME = "$(TARGET_NAME)";
				SWIFT_INSTALL_OBJC_HEADER = NO;
				SWIFT_SWIFT3_OBJC_INFERENCE = On;
				SWIFT_VERSION = 4.0;
			};
			name = Release;
		};
/* End XCBuildConfiguration section */

/* Begin XCConfigurationList section */
		DFE34D391BB3362F00096025 /* Build configuration list for PBXProject "Strax" */ = {
			isa = XCConfigurationList;
			buildConfigurations = (
				DFE34D671BB3362F00096025 /* Debug */,
				DFE34D681BB3362F00096025 /* Release */,
			);
			defaultConfigurationIsVisible = 0;
			defaultConfigurationName = Release;
		};
		DFE34D691BB3362F00096025 /* Build configuration list for PBXNativeTarget "Strax" */ = {
			isa = XCConfigurationList;
			buildConfigurations = (
				DFE34D6A1BB3362F00096025 /* Debug */,
				DFE34D6B1BB3362F00096025 /* Release */,
			);
			defaultConfigurationIsVisible = 0;
			defaultConfigurationName = Release;
		};
/* End XCConfigurationList section */
	};
	rootObject = DFE34D361BB3362F00096025 /* Project object */;
}
