// !$*UTF8*$!
{
	archiveVersion = 1;
	classes = {
	};
	objectVersion = 47;
	objects = {

/* Begin PBXBuildFile section */
		0F8F08351DF61D1A00307C02 /* Alamofire.framework in Frameworks */ = {isa = PBXBuildFile; fileRef = 0FF7FC471DF60E8C00E1E4E7 /* Alamofire.framework */; };
		0F8F08361DF61D1A00307C02 /* Alamofire.framework in Embed Frameworks */ = {isa = PBXBuildFile; fileRef = 0FF7FC471DF60E8C00E1E4E7 /* Alamofire.framework */; settings = {ATTRIBUTES = (CodeSignOnCopy, RemoveHeadersOnCopy, ); }; };
		0F8F08371DF61D1A00307C02 /* SwiftyJSON.framework in Frameworks */ = {isa = PBXBuildFile; fileRef = 0FF7FC481DF60E8C00E1E4E7 /* SwiftyJSON.framework */; };
		0F8F08381DF61D1A00307C02 /* SwiftyJSON.framework in Embed Frameworks */ = {isa = PBXBuildFile; fileRef = 0FF7FC481DF60E8C00E1E4E7 /* SwiftyJSON.framework */; settings = {ATTRIBUTES = (CodeSignOnCopy, RemoveHeadersOnCopy, ); }; };
		0FF7FC431DF608A700E1E4E7 /* Podfile in Resources */ = {isa = PBXBuildFile; fileRef = 0FF7FC421DF608A700E1E4E7 /* Podfile */; };
		0FF7FC451DF608FD00E1E4E7 /* Cartfile in Resources */ = {isa = PBXBuildFile; fileRef = 0FF7FC441DF608FD00E1E4E7 /* Cartfile */; };
		4548EAB31BB49D7000A15921 /* Annotation.swift in Sources */ = {isa = PBXBuildFile; fileRef = 4548EAB21BB49D7000A15921 /* Annotation.swift */; };
		DFA6A7BD1BB340300052F7D7 /* SLDataProvider.swift in Sources */ = {isa = PBXBuildFile; fileRef = DFA6A7BC1BB340300052F7D7 /* SLDataProvider.swift */; };
		DFA6A7C11BB340500052F7D7 /* DBManager.swift in Sources */ = {isa = PBXBuildFile; fileRef = DFA6A7C01BB340500052F7D7 /* DBManager.swift */; };
		DFA6A7C31BB3405C0052F7D7 /* Location.swift in Sources */ = {isa = PBXBuildFile; fileRef = DFA6A7C21BB3405C0052F7D7 /* Location.swift */; };
		DFA6A7C71BB3407D0052F7D7 /* Trip.swift in Sources */ = {isa = PBXBuildFile; fileRef = DFA6A7C51BB3407D0052F7D7 /* Trip.swift */; };
		DFA6A7C81BB3407D0052F7D7 /* TravelLocation.swift in Sources */ = {isa = PBXBuildFile; fileRef = DFA6A7C61BB3407D0052F7D7 /* TravelLocation.swift */; };
		DFA6A7CC1BB340950052F7D7 /* MainViewController.swift in Sources */ = {isa = PBXBuildFile; fileRef = DFA6A7C91BB340950052F7D7 /* MainViewController.swift */; };
		DFA6A7CD1BB340950052F7D7 /* AddLocationViewController.swift in Sources */ = {isa = PBXBuildFile; fileRef = DFA6A7CA1BB340950052F7D7 /* AddLocationViewController.swift */; };
		DFA6A7CE1BB340950052F7D7 /* Main.storyboard in Resources */ = {isa = PBXBuildFile; fileRef = DFA6A7CB1BB340950052F7D7 /* Main.storyboard */; };
		DFA6A7D01BB340A10052F7D7 /* LaunchScreen.xib in Resources */ = {isa = PBXBuildFile; fileRef = DFA6A7CF1BB340A10052F7D7 /* LaunchScreen.xib */; };
		DFA6A7D51BB340C90052F7D7 /* LocationView.xib in Resources */ = {isa = PBXBuildFile; fileRef = DFA6A7D11BB340C80052F7D7 /* LocationView.xib */; };
		DFA6A7D61BB340C90052F7D7 /* LineView.swift in Sources */ = {isa = PBXBuildFile; fileRef = DFA6A7D21BB340C90052F7D7 /* LineView.swift */; };
		DFA6A7D71BB340C90052F7D7 /* LocationView.swift in Sources */ = {isa = PBXBuildFile; fileRef = DFA6A7D31BB340C90052F7D7 /* LocationView.swift */; };
		DFA6A7D81BB340C90052F7D7 /* MapInteractor.swift in Sources */ = {isa = PBXBuildFile; fileRef = DFA6A7D41BB340C90052F7D7 /* MapInteractor.swift */; };
		DFE34D421BB3362F00096025 /* AppDelegate.swift in Sources */ = {isa = PBXBuildFile; fileRef = DFE34D411BB3362F00096025 /* AppDelegate.swift */; };
		DFE34D4A1BB3362F00096025 /* Strax.xcdatamodeld in Sources */ = {isa = PBXBuildFile; fileRef = DFE34D481BB3362F00096025 /* Strax.xcdatamodeld */; };
		DFE34D4C1BB3362F00096025 /* Assets.xcassets in Resources */ = {isa = PBXBuildFile; fileRef = DFE34D4B1BB3362F00096025 /* Assets.xcassets */; };
		DFE34D5A1BB3362F00096025 /* StraxTests.swift in Sources */ = {isa = PBXBuildFile; fileRef = DFE34D591BB3362F00096025 /* StraxTests.swift */; };
		DFE34D651BB3362F00096025 /* StraxUITests.swift in Sources */ = {isa = PBXBuildFile; fileRef = DFE34D641BB3362F00096025 /* StraxUITests.swift */; };
/* End PBXBuildFile section */

/* Begin PBXContainerItemProxy section */
		DFE34D561BB3362F00096025 /* PBXContainerItemProxy */ = {
			isa = PBXContainerItemProxy;
			containerPortal = DFE34D361BB3362F00096025 /* Project object */;
			proxyType = 1;
			remoteGlobalIDString = DFE34D3D1BB3362F00096025;
			remoteInfo = Strax;
		};
		DFE34D611BB3362F00096025 /* PBXContainerItemProxy */ = {
			isa = PBXContainerItemProxy;
			containerPortal = DFE34D361BB3362F00096025 /* Project object */;
			proxyType = 1;
			remoteGlobalIDString = DFE34D3D1BB3362F00096025;
			remoteInfo = Strax;
		};
/* End PBXContainerItemProxy section */

/* Begin PBXCopyFilesBuildPhase section */
		0F8F08391DF61D1A00307C02 /* Embed Frameworks */ = {
			isa = PBXCopyFilesBuildPhase;
			buildActionMask = 2147483647;
			dstPath = "";
			dstSubfolderSpec = 10;
			files = (
				0F8F08381DF61D1A00307C02 /* SwiftyJSON.framework in Embed Frameworks */,
				0F8F08361DF61D1A00307C02 /* Alamofire.framework in Embed Frameworks */,
			);
			name = "Embed Frameworks";
			runOnlyForDeploymentPostprocessing = 0;
		};
/* End PBXCopyFilesBuildPhase section */

/* Begin PBXFileReference section */
		0FF7FC421DF608A700E1E4E7 /* Podfile */ = {isa = PBXFileReference; fileEncoding = 4; lastKnownFileType = text; path = Podfile; sourceTree = "<group>"; };
		0FF7FC441DF608FD00E1E4E7 /* Cartfile */ = {isa = PBXFileReference; fileEncoding = 4; lastKnownFileType = text; path = Cartfile; sourceTree = "<group>"; };
		0FF7FC471DF60E8C00E1E4E7 /* Alamofire.framework */ = {isa = PBXFileReference; lastKnownFileType = wrapper.framework; name = Alamofire.framework; path = Carthage/Build/iOS/Alamofire.framework; sourceTree = "<group>"; };
		0FF7FC481DF60E8C00E1E4E7 /* SwiftyJSON.framework */ = {isa = PBXFileReference; lastKnownFileType = wrapper.framework; name = SwiftyJSON.framework; path = Carthage/Build/iOS/SwiftyJSON.framework; sourceTree = "<group>"; };
		4548EAB21BB49D7000A15921 /* Annotation.swift */ = {isa = PBXFileReference; fileEncoding = 4; lastKnownFileType = sourcecode.swift; path = Annotation.swift; sourceTree = "<group>"; };
		DFA6A7BC1BB340300052F7D7 /* SLDataProvider.swift */ = {isa = PBXFileReference; fileEncoding = 4; lastKnownFileType = sourcecode.swift; path = SLDataProvider.swift; sourceTree = "<group>"; };
		DFA6A7C01BB340500052F7D7 /* DBManager.swift */ = {isa = PBXFileReference; fileEncoding = 4; lastKnownFileType = sourcecode.swift; path = DBManager.swift; sourceTree = "<group>"; };
		DFA6A7C21BB3405C0052F7D7 /* Location.swift */ = {isa = PBXFileReference; fileEncoding = 4; lastKnownFileType = sourcecode.swift; path = Location.swift; sourceTree = "<group>"; };
		DFA6A7C51BB3407D0052F7D7 /* Trip.swift */ = {isa = PBXFileReference; fileEncoding = 4; lastKnownFileType = sourcecode.swift; path = Trip.swift; sourceTree = "<group>"; };
		DFA6A7C61BB3407D0052F7D7 /* TravelLocation.swift */ = {isa = PBXFileReference; fileEncoding = 4; lastKnownFileType = sourcecode.swift; path = TravelLocation.swift; sourceTree = "<group>"; };
		DFA6A7C91BB340950052F7D7 /* MainViewController.swift */ = {isa = PBXFileReference; fileEncoding = 4; lastKnownFileType = sourcecode.swift; path = MainViewController.swift; sourceTree = "<group>"; };
		DFA6A7CA1BB340950052F7D7 /* AddLocationViewController.swift */ = {isa = PBXFileReference; fileEncoding = 4; lastKnownFileType = sourcecode.swift; path = AddLocationViewController.swift; sourceTree = "<group>"; };
		DFA6A7CB1BB340950052F7D7 /* Main.storyboard */ = {isa = PBXFileReference; fileEncoding = 4; lastKnownFileType = file.storyboard; path = Main.storyboard; sourceTree = "<group>"; };
		DFA6A7CF1BB340A10052F7D7 /* LaunchScreen.xib */ = {isa = PBXFileReference; fileEncoding = 4; lastKnownFileType = file.xib; path = LaunchScreen.xib; sourceTree = "<group>"; };
		DFA6A7D11BB340C80052F7D7 /* LocationView.xib */ = {isa = PBXFileReference; fileEncoding = 4; lastKnownFileType = file.xib; path = LocationView.xib; sourceTree = "<group>"; };
		DFA6A7D21BB340C90052F7D7 /* LineView.swift */ = {isa = PBXFileReference; fileEncoding = 4; lastKnownFileType = sourcecode.swift; path = LineView.swift; sourceTree = "<group>"; };
		DFA6A7D31BB340C90052F7D7 /* LocationView.swift */ = {isa = PBXFileReference; fileEncoding = 4; lastKnownFileType = sourcecode.swift; path = LocationView.swift; sourceTree = "<group>"; };
		DFA6A7D41BB340C90052F7D7 /* MapInteractor.swift */ = {isa = PBXFileReference; fileEncoding = 4; lastKnownFileType = sourcecode.swift; path = MapInteractor.swift; sourceTree = "<group>"; };
		DFE34D3E1BB3362F00096025 /* Strax.app */ = {isa = PBXFileReference; explicitFileType = wrapper.application; includeInIndex = 0; path = Strax.app; sourceTree = BUILT_PRODUCTS_DIR; };
		DFE34D411BB3362F00096025 /* AppDelegate.swift */ = {isa = PBXFileReference; lastKnownFileType = sourcecode.swift; path = AppDelegate.swift; sourceTree = "<group>"; };
		DFE34D491BB3362F00096025 /* Strax.xcdatamodel */ = {isa = PBXFileReference; lastKnownFileType = wrapper.xcdatamodel; path = Strax.xcdatamodel; sourceTree = "<group>"; };
		DFE34D4B1BB3362F00096025 /* Assets.xcassets */ = {isa = PBXFileReference; lastKnownFileType = folder.assetcatalog; path = Assets.xcassets; sourceTree = "<group>"; };
		DFE34D501BB3362F00096025 /* Info.plist */ = {isa = PBXFileReference; lastKnownFileType = text.plist.xml; path = Info.plist; sourceTree = "<group>"; };
		DFE34D551BB3362F00096025 /* StraxTests.xctest */ = {isa = PBXFileReference; explicitFileType = wrapper.cfbundle; includeInIndex = 0; path = StraxTests.xctest; sourceTree = BUILT_PRODUCTS_DIR; };
		DFE34D591BB3362F00096025 /* StraxTests.swift */ = {isa = PBXFileReference; lastKnownFileType = sourcecode.swift; path = StraxTests.swift; sourceTree = "<group>"; };
		DFE34D5B1BB3362F00096025 /* Info.plist */ = {isa = PBXFileReference; lastKnownFileType = text.plist.xml; path = Info.plist; sourceTree = "<group>"; };
		DFE34D601BB3362F00096025 /* StraxUITests.xctest */ = {isa = PBXFileReference; explicitFileType = wrapper.cfbundle; includeInIndex = 0; path = StraxUITests.xctest; sourceTree = BUILT_PRODUCTS_DIR; };
		DFE34D641BB3362F00096025 /* StraxUITests.swift */ = {isa = PBXFileReference; lastKnownFileType = sourcecode.swift; path = StraxUITests.swift; sourceTree = "<group>"; };
		DFE34D661BB3362F00096025 /* Info.plist */ = {isa = PBXFileReference; lastKnownFileType = text.plist.xml; path = Info.plist; sourceTree = "<group>"; };
/* End PBXFileReference section */

/* Begin PBXFrameworksBuildPhase section */
		DFE34D3B1BB3362F00096025 /* Frameworks */ = {
			isa = PBXFrameworksBuildPhase;
			buildActionMask = 2147483647;
			files = (
				0F8F08371DF61D1A00307C02 /* SwiftyJSON.framework in Frameworks */,
				0F8F08351DF61D1A00307C02 /* Alamofire.framework in Frameworks */,
			);
			runOnlyForDeploymentPostprocessing = 0;
		};
		DFE34D521BB3362F00096025 /* Frameworks */ = {
			isa = PBXFrameworksBuildPhase;
			buildActionMask = 2147483647;
			files = (
			);
			runOnlyForDeploymentPostprocessing = 0;
		};
		DFE34D5D1BB3362F00096025 /* Frameworks */ = {
			isa = PBXFrameworksBuildPhase;
			buildActionMask = 2147483647;
			files = (
			);
			runOnlyForDeploymentPostprocessing = 0;
		};
/* End PBXFrameworksBuildPhase section */

/* Begin PBXGroup section */
		0FF7FC461DF60E8C00E1E4E7 /* Frameworks */ = {
			isa = PBXGroup;
			children = (
				0FF7FC471DF60E8C00E1E4E7 /* Alamofire.framework */,
				0FF7FC481DF60E8C00E1E4E7 /* SwiftyJSON.framework */,
			);
			name = Frameworks;
			sourceTree = "<group>";
		};
		DFA6A7C41BB340710052F7D7 /* Models */ = {
			isa = PBXGroup;
			children = (
				DFA6A7C51BB3407D0052F7D7 /* Trip.swift */,
				DFA6A7C61BB3407D0052F7D7 /* TravelLocation.swift */,
			);
			name = Models;
			sourceTree = "<group>";
		};
		DFA6A7D91BB340CE0052F7D7 /* Map */ = {
			isa = PBXGroup;
			children = (
				DFA6A7D11BB340C80052F7D7 /* LocationView.xib */,
				DFA6A7D21BB340C90052F7D7 /* LineView.swift */,
				DFA6A7D31BB340C90052F7D7 /* LocationView.swift */,
				DFA6A7D41BB340C90052F7D7 /* MapInteractor.swift */,
				4548EAB21BB49D7000A15921 /* Annotation.swift */,
			);
			name = Map;
			sourceTree = "<group>";
		};
		DFA6A7DA1BB341440052F7D7 /* API */ = {
			isa = PBXGroup;
			children = (
				DFA6A7BC1BB340300052F7D7 /* SLDataProvider.swift */,
			);
			name = API;
			sourceTree = "<group>";
		};
		DFA6A7DB1BB341600052F7D7 /* Database */ = {
			isa = PBXGroup;
			children = (
				DFE34D481BB3362F00096025 /* Strax.xcdatamodeld */,
				DFA6A7C21BB3405C0052F7D7 /* Location.swift */,
				DFA6A7C01BB340500052F7D7 /* DBManager.swift */,
			);
			name = Database;
			sourceTree = "<group>";
		};
		DFE34D351BB3362F00096025 = {
			isa = PBXGroup;
			children = (
				0FF7FC441DF608FD00E1E4E7 /* Cartfile */,
				0FF7FC421DF608A700E1E4E7 /* Podfile */,
				DFE34D401BB3362F00096025 /* Strax */,
				DFE34D581BB3362F00096025 /* StraxTests */,
				DFE34D631BB3362F00096025 /* StraxUITests */,
				DFE34D3F1BB3362F00096025 /* Products */,
				0FF7FC461DF60E8C00E1E4E7 /* Frameworks */,
			);
			sourceTree = "<group>";
		};
		DFE34D3F1BB3362F00096025 /* Products */ = {
			isa = PBXGroup;
			children = (
				DFE34D3E1BB3362F00096025 /* Strax.app */,
				DFE34D551BB3362F00096025 /* StraxTests.xctest */,
				DFE34D601BB3362F00096025 /* StraxUITests.xctest */,
			);
			name = Products;
			sourceTree = "<group>";
		};
		DFE34D401BB3362F00096025 /* Strax */ = {
			isa = PBXGroup;
			children = (
				DFA6A7C41BB340710052F7D7 /* Models */,
				DFA6A7D91BB340CE0052F7D7 /* Map */,
				DFA6A7DA1BB341440052F7D7 /* API */,
				DFA6A7DB1BB341600052F7D7 /* Database */,
				DFE34D411BB3362F00096025 /* AppDelegate.swift */,
				DFE34D4B1BB3362F00096025 /* Assets.xcassets */,
				DFA6A7C91BB340950052F7D7 /* MainViewController.swift */,
				DFA6A7CA1BB340950052F7D7 /* AddLocationViewController.swift */,
				DFA6A7CB1BB340950052F7D7 /* Main.storyboard */,
				DFE34D501BB3362F00096025 /* Info.plist */,
				DFA6A7CF1BB340A10052F7D7 /* LaunchScreen.xib */,
			);
			path = Strax;
			sourceTree = "<group>";
		};
		DFE34D581BB3362F00096025 /* StraxTests */ = {
			isa = PBXGroup;
			children = (
				DFE34D591BB3362F00096025 /* StraxTests.swift */,
				DFE34D5B1BB3362F00096025 /* Info.plist */,
			);
			path = StraxTests;
			sourceTree = "<group>";
		};
		DFE34D631BB3362F00096025 /* StraxUITests */ = {
			isa = PBXGroup;
			children = (
				DFE34D641BB3362F00096025 /* StraxUITests.swift */,
				DFE34D661BB3362F00096025 /* Info.plist */,
			);
			path = StraxUITests;
			sourceTree = "<group>";
		};
/* End PBXGroup section */

/* Begin PBXNativeTarget section */
		DFE34D3D1BB3362F00096025 /* Strax */ = {
			isa = PBXNativeTarget;
			buildConfigurationList = DFE34D691BB3362F00096025 /* Build configuration list for PBXNativeTarget "Strax" */;
			buildPhases = (
				DFE34D3A1BB3362F00096025 /* Sources */,
				DFE34D3B1BB3362F00096025 /* Frameworks */,
				DFE34D3C1BB3362F00096025 /* Resources */,
				0F8F08391DF61D1A00307C02 /* Embed Frameworks */,
			);
			buildRules = (
			);
			dependencies = (
			);
			name = Strax;
			productName = Strax;
			productReference = DFE34D3E1BB3362F00096025 /* Strax.app */;
			productType = "com.apple.product-type.application";
		};
		DFE34D541BB3362F00096025 /* StraxTests */ = {
			isa = PBXNativeTarget;
			buildConfigurationList = DFE34D6C1BB3362F00096025 /* Build configuration list for PBXNativeTarget "StraxTests" */;
			buildPhases = (
				DFE34D511BB3362F00096025 /* Sources */,
				DFE34D521BB3362F00096025 /* Frameworks */,
				DFE34D531BB3362F00096025 /* Resources */,
			);
			buildRules = (
			);
			dependencies = (
				DFE34D571BB3362F00096025 /* PBXTargetDependency */,
			);
			name = StraxTests;
			productName = StraxTests;
			productReference = DFE34D551BB3362F00096025 /* StraxTests.xctest */;
			productType = "com.apple.product-type.bundle.unit-test";
		};
		DFE34D5F1BB3362F00096025 /* StraxUITests */ = {
			isa = PBXNativeTarget;
			buildConfigurationList = DFE34D6F1BB3362F00096025 /* Build configuration list for PBXNativeTarget "StraxUITests" */;
			buildPhases = (
				DFE34D5C1BB3362F00096025 /* Sources */,
				DFE34D5D1BB3362F00096025 /* Frameworks */,
				DFE34D5E1BB3362F00096025 /* Resources */,
			);
			buildRules = (
			);
			dependencies = (
				DFE34D621BB3362F00096025 /* PBXTargetDependency */,
			);
			name = StraxUITests;
			productName = StraxUITests;
			productReference = DFE34D601BB3362F00096025 /* StraxUITests.xctest */;
			productType = "com.apple.product-type.bundle.ui-testing";
		};
/* End PBXNativeTarget section */

/* Begin PBXProject section */
		DFE34D361BB3362F00096025 /* Project object */ = {
			isa = PBXProject;
			attributes = {
				LastUpgradeCheck = 0820;
				ORGANIZATIONNAME = LemonandLime;
				TargetAttributes = {
					DFE34D3D1BB3362F00096025 = {
						CreatedOnToolsVersion = 7.0;
						DevelopmentTeam = N856DL6EH7;
						LastSwiftMigration = 0820;
					};
					DFE34D541BB3362F00096025 = {
						CreatedOnToolsVersion = 7.0;
						LastSwiftMigration = 0820;
						TestTargetID = DFE34D3D1BB3362F00096025;
					};
					DFE34D5F1BB3362F00096025 = {
						CreatedOnToolsVersion = 7.0;
						LastSwiftMigration = 0820;
						TestTargetID = DFE34D3D1BB3362F00096025;
					};
				};
			};
			buildConfigurationList = DFE34D391BB3362F00096025 /* Build configuration list for PBXProject "Strax" */;
			compatibilityVersion = "Xcode 6.3";
			developmentRegion = English;
			hasScannedForEncodings = 0;
			knownRegions = (
				en,
				Base,
			);
			mainGroup = DFE34D351BB3362F00096025;
			productRefGroup = DFE34D3F1BB3362F00096025 /* Products */;
			projectDirPath = "";
			projectRoot = "";
			targets = (
				DFE34D3D1BB3362F00096025 /* Strax */,
				DFE34D541BB3362F00096025 /* StraxTests */,
				DFE34D5F1BB3362F00096025 /* StraxUITests */,
			);
		};
/* End PBXProject section */

/* Begin PBXResourcesBuildPhase section */
		DFE34D3C1BB3362F00096025 /* Resources */ = {
			isa = PBXResourcesBuildPhase;
			buildActionMask = 2147483647;
			files = (
				0FF7FC431DF608A700E1E4E7 /* Podfile in Resources */,
				DFE34D4C1BB3362F00096025 /* Assets.xcassets in Resources */,
				DFA6A7D51BB340C90052F7D7 /* LocationView.xib in Resources */,
				DFA6A7D01BB340A10052F7D7 /* LaunchScreen.xib in Resources */,
				0FF7FC451DF608FD00E1E4E7 /* Cartfile in Resources */,
				DFA6A7CE1BB340950052F7D7 /* Main.storyboard in Resources */,
			);
			runOnlyForDeploymentPostprocessing = 0;
		};
		DFE34D531BB3362F00096025 /* Resources */ = {
			isa = PBXResourcesBuildPhase;
			buildActionMask = 2147483647;
			files = (
			);
			runOnlyForDeploymentPostprocessing = 0;
		};
		DFE34D5E1BB3362F00096025 /* Resources */ = {
			isa = PBXResourcesBuildPhase;
			buildActionMask = 2147483647;
			files = (
			);
			runOnlyForDeploymentPostprocessing = 0;
		};
/* End PBXResourcesBuildPhase section */

/* Begin PBXSourcesBuildPhase section */
		DFE34D3A1BB3362F00096025 /* Sources */ = {
			isa = PBXSourcesBuildPhase;
			buildActionMask = 2147483647;
			files = (
				DFA6A7C11BB340500052F7D7 /* DBManager.swift in Sources */,
				DFA6A7D71BB340C90052F7D7 /* LocationView.swift in Sources */,
				DFE34D4A1BB3362F00096025 /* Strax.xcdatamodeld in Sources */,
				DFA6A7BD1BB340300052F7D7 /* SLDataProvider.swift in Sources */,
				4548EAB31BB49D7000A15921 /* Annotation.swift in Sources */,
				DFE34D421BB3362F00096025 /* AppDelegate.swift in Sources */,
				DFA6A7C31BB3405C0052F7D7 /* Location.swift in Sources */,
				DFA6A7D61BB340C90052F7D7 /* LineView.swift in Sources */,
				DFA6A7D81BB340C90052F7D7 /* MapInteractor.swift in Sources */,
				DFA6A7C71BB3407D0052F7D7 /* Trip.swift in Sources */,
				DFA6A7CC1BB340950052F7D7 /* MainViewController.swift in Sources */,
				DFA6A7CD1BB340950052F7D7 /* AddLocationViewController.swift in Sources */,
				DFA6A7C81BB3407D0052F7D7 /* TravelLocation.swift in Sources */,
			);
			runOnlyForDeploymentPostprocessing = 0;
		};
		DFE34D511BB3362F00096025 /* Sources */ = {
			isa = PBXSourcesBuildPhase;
			buildActionMask = 2147483647;
			files = (
				DFE34D5A1BB3362F00096025 /* StraxTests.swift in Sources */,
			);
			runOnlyForDeploymentPostprocessing = 0;
		};
		DFE34D5C1BB3362F00096025 /* Sources */ = {
			isa = PBXSourcesBuildPhase;
			buildActionMask = 2147483647;
			files = (
				DFE34D651BB3362F00096025 /* StraxUITests.swift in Sources */,
			);
			runOnlyForDeploymentPostprocessing = 0;
		};
/* End PBXSourcesBuildPhase section */

/* Begin PBXTargetDependency section */
		DFE34D571BB3362F00096025 /* PBXTargetDependency */ = {
			isa = PBXTargetDependency;
			target = DFE34D3D1BB3362F00096025 /* Strax */;
			targetProxy = DFE34D561BB3362F00096025 /* PBXContainerItemProxy */;
		};
		DFE34D621BB3362F00096025 /* PBXTargetDependency */ = {
			isa = PBXTargetDependency;
			target = DFE34D3D1BB3362F00096025 /* Strax */;
			targetProxy = DFE34D611BB3362F00096025 /* PBXContainerItemProxy */;
		};
/* End PBXTargetDependency section */

/* Begin XCBuildConfiguration section */
		DFE34D671BB3362F00096025 /* Debug */ = {
			isa = XCBuildConfiguration;
			buildSettings = {
				ALWAYS_SEARCH_USER_PATHS = NO;
				CLANG_CXX_LANGUAGE_STANDARD = "gnu++0x";
				CLANG_CXX_LIBRARY = "libc++";
				CLANG_ENABLE_MODULES = YES;
				CLANG_ENABLE_OBJC_ARC = YES;
				CLANG_WARN_BOOL_CONVERSION = YES;
				CLANG_WARN_CONSTANT_CONVERSION = YES;
				CLANG_WARN_DIRECT_OBJC_ISA_USAGE = YES_ERROR;
				CLANG_WARN_EMPTY_BODY = YES;
				CLANG_WARN_ENUM_CONVERSION = YES;
				CLANG_WARN_INFINITE_RECURSION = YES;
				CLANG_WARN_INT_CONVERSION = YES;
				CLANG_WARN_OBJC_ROOT_CLASS = YES_ERROR;
				CLANG_WARN_SUSPICIOUS_MOVE = YES;
				CLANG_WARN_UNREACHABLE_CODE = YES;
				CLANG_WARN__DUPLICATE_METHOD_MATCH = YES;
				"CODE_SIGN_IDENTITY[sdk=iphoneos*]" = "iPhone Developer";
				COPY_PHASE_STRIP = NO;
				DEBUG_INFORMATION_FORMAT = dwarf;
				ENABLE_STRICT_OBJC_MSGSEND = YES;
				ENABLE_TESTABILITY = YES;
				GCC_C_LANGUAGE_STANDARD = gnu99;
				GCC_DYNAMIC_NO_PIC = NO;
				GCC_NO_COMMON_BLOCKS = YES;
				GCC_OPTIMIZATION_LEVEL = 0;
				GCC_PREPROCESSOR_DEFINITIONS = (
					"DEBUG=1",
					"$(inherited)",
				);
				GCC_WARN_64_TO_32_BIT_CONVERSION = YES;
				GCC_WARN_ABOUT_RETURN_TYPE = YES_ERROR;
				GCC_WARN_UNDECLARED_SELECTOR = YES;
				GCC_WARN_UNINITIALIZED_AUTOS = YES_AGGRESSIVE;
				GCC_WARN_UNUSED_FUNCTION = YES;
				GCC_WARN_UNUSED_VARIABLE = YES;
				IPHONEOS_DEPLOYMENT_TARGET = 9.0;
				MTL_ENABLE_DEBUG_INFO = YES;
				ONLY_ACTIVE_ARCH = YES;
				SDKROOT = iphoneos;
				SWIFT_OPTIMIZATION_LEVEL = "-Onone";
				SWIFT_VERSION = "";
				TARGETED_DEVICE_FAMILY = "1,2";
			};
			name = Debug;
		};
		DFE34D681BB3362F00096025 /* Release */ = {
			isa = XCBuildConfiguration;
			buildSettings = {
				ALWAYS_SEARCH_USER_PATHS = NO;
				CLANG_CXX_LANGUAGE_STANDARD = "gnu++0x";
				CLANG_CXX_LIBRARY = "libc++";
				CLANG_ENABLE_MODULES = YES;
				CLANG_ENABLE_OBJC_ARC = YES;
				CLANG_WARN_BOOL_CONVERSION = YES;
				CLANG_WARN_CONSTANT_CONVERSION = YES;
				CLANG_WARN_DIRECT_OBJC_ISA_USAGE = YES_ERROR;
				CLANG_WARN_EMPTY_BODY = YES;
				CLANG_WARN_ENUM_CONVERSION = YES;
				CLANG_WARN_INFINITE_RECURSION = YES;
				CLANG_WARN_INT_CONVERSION = YES;
				CLANG_WARN_OBJC_ROOT_CLASS = YES_ERROR;
				CLANG_WARN_SUSPICIOUS_MOVE = YES;
				CLANG_WARN_UNREACHABLE_CODE = YES;
				CLANG_WARN__DUPLICATE_METHOD_MATCH = YES;
				"CODE_SIGN_IDENTITY[sdk=iphoneos*]" = "iPhone Developer";
				COPY_PHASE_STRIP = NO;
				DEBUG_INFORMATION_FORMAT = "dwarf-with-dsym";
				ENABLE_NS_ASSERTIONS = NO;
				ENABLE_STRICT_OBJC_MSGSEND = YES;
				GCC_C_LANGUAGE_STANDARD = gnu99;
				GCC_NO_COMMON_BLOCKS = YES;
				GCC_WARN_64_TO_32_BIT_CONVERSION = YES;
				GCC_WARN_ABOUT_RETURN_TYPE = YES_ERROR;
				GCC_WARN_UNDECLARED_SELECTOR = YES;
				GCC_WARN_UNINITIALIZED_AUTOS = YES_AGGRESSIVE;
				GCC_WARN_UNUSED_FUNCTION = YES;
				GCC_WARN_UNUSED_VARIABLE = YES;
				IPHONEOS_DEPLOYMENT_TARGET = 9.0;
				MTL_ENABLE_DEBUG_INFO = NO;
				SDKROOT = iphoneos;
				SWIFT_OPTIMIZATION_LEVEL = "-Owholemodule";
				SWIFT_VERSION = "";
				TARGETED_DEVICE_FAMILY = "1,2";
				VALIDATE_PRODUCT = YES;
			};
			name = Release;
		};
		DFE34D6A1BB3362F00096025 /* Debug */ = {
			isa = XCBuildConfiguration;
			buildSettings = {
				ASSETCATALOG_COMPILER_APPICON_NAME = AppIcon;
				CODE_SIGN_IDENTITY = "iPhone Developer";
				DEVELOPMENT_TEAM = N856DL6EH7;
				FRAMEWORK_SEARCH_PATHS = (
					"$(inherited)",
					"$(PROJECT_DIR)/Carthage/Build/iOS",
				);
				INFOPLIST_FILE = Strax/Info.plist;
				LD_RUNPATH_SEARCH_PATHS = "$(inherited) @executable_path/Frameworks";
				PRODUCT_BUNDLE_IDENTIFIER = se.lemonandlime.Strax;
				PRODUCT_NAME = "$(TARGET_NAME)";
				SWIFT_VERSION = 3.0;
			};
			name = Debug;
		};
		DFE34D6B1BB3362F00096025 /* Release */ = {
			isa = XCBuildConfiguration;
			buildSettings = {
				ASSETCATALOG_COMPILER_APPICON_NAME = AppIcon;
				CODE_SIGN_IDENTITY = "iPhone Developer";
				DEVELOPMENT_TEAM = N856DL6EH7;
				FRAMEWORK_SEARCH_PATHS = (
					"$(inherited)",
					"$(PROJECT_DIR)/Carthage/Build/iOS",
				);
				INFOPLIST_FILE = Strax/Info.plist;
				LD_RUNPATH_SEARCH_PATHS = "$(inherited) @executable_path/Frameworks";
				PRODUCT_BUNDLE_IDENTIFIER = se.lemonandlime.Strax;
				PRODUCT_NAME = "$(TARGET_NAME)";
				SWIFT_VERSION = 3.0;
			};
			name = Release;
		};
		DFE34D6D1BB3362F00096025 /* Debug */ = {
			isa = XCBuildConfiguration;
			buildSettings = {
				BUNDLE_LOADER = "$(TEST_HOST)";
				INFOPLIST_FILE = StraxTests/Info.plist;
				LD_RUNPATH_SEARCH_PATHS = "$(inherited) @executable_path/Frameworks @loader_path/Frameworks";
				PRODUCT_BUNDLE_IDENTIFIER = se.lemonandlime.StraxTests;
				PRODUCT_NAME = "$(TARGET_NAME)";
				SWIFT_VERSION = 3.0;
				TEST_HOST = "$(BUILT_PRODUCTS_DIR)/Strax.app/Strax";
			};
			name = Debug;
		};
		DFE34D6E1BB3362F00096025 /* Release */ = {
			isa = XCBuildConfiguration;
			buildSettings = {
				BUNDLE_LOADER = "$(TEST_HOST)";
				INFOPLIST_FILE = StraxTests/Info.plist;
				LD_RUNPATH_SEARCH_PATHS = "$(inherited) @executable_path/Frameworks @loader_path/Frameworks";
				PRODUCT_BUNDLE_IDENTIFIER = se.lemonandlime.StraxTests;
				PRODUCT_NAME = "$(TARGET_NAME)";
				SWIFT_VERSION = 3.0;
				TEST_HOST = "$(BUILT_PRODUCTS_DIR)/Strax.app/Strax";
			};
			name = Release;
		};
		DFE34D701BB3362F00096025 /* Debug */ = {
			isa = XCBuildConfiguration;
			buildSettings = {
				INFOPLIST_FILE = StraxUITests/Info.plist;
				LD_RUNPATH_SEARCH_PATHS = "$(inherited) @executable_path/Frameworks @loader_path/Frameworks";
				PRODUCT_BUNDLE_IDENTIFIER = se.lemonandlime.StraxUITests;
				PRODUCT_NAME = "$(TARGET_NAME)";
				SWIFT_VERSION = 3.0;
				TEST_TARGET_NAME = Strax;
				USES_XCTRUNNER = YES;
			};
			name = Debug;
		};
		DFE34D711BB3362F00096025 /* Release */ = {
			isa = XCBuildConfiguration;
			buildSettings = {
				INFOPLIST_FILE = StraxUITests/Info.plist;
				LD_RUNPATH_SEARCH_PATHS = "$(inherited) @executable_path/Frameworks @loader_path/Frameworks";
				PRODUCT_BUNDLE_IDENTIFIER = se.lemonandlime.StraxUITests;
				PRODUCT_NAME = "$(TARGET_NAME)";
				SWIFT_VERSION = 3.0;
				TEST_TARGET_NAME = Strax;
				USES_XCTRUNNER = YES;
			};
			name = Release;
		};
/* End XCBuildConfiguration section */

/* Begin XCConfigurationList section */
		DFE34D391BB3362F00096025 /* Build configuration list for PBXProject "Strax" */ = {
			isa = XCConfigurationList;
			buildConfigurations = (
				DFE34D671BB3362F00096025 /* Debug */,
				DFE34D681BB3362F00096025 /* Release */,
			);
			defaultConfigurationIsVisible = 0;
			defaultConfigurationName = Release;
		};
		DFE34D691BB3362F00096025 /* Build configuration list for PBXNativeTarget "Strax" */ = {
			isa = XCConfigurationList;
			buildConfigurations = (
				DFE34D6A1BB3362F00096025 /* Debug */,
				DFE34D6B1BB3362F00096025 /* Release */,
			);
			defaultConfigurationIsVisible = 0;
			defaultConfigurationName = Release;
		};
		DFE34D6C1BB3362F00096025 /* Build configuration list for PBXNativeTarget "StraxTests" */ = {
			isa = XCConfigurationList;
			buildConfigurations = (
				DFE34D6D1BB3362F00096025 /* Debug */,
				DFE34D6E1BB3362F00096025 /* Release */,
			);
			defaultConfigurationIsVisible = 0;
			defaultConfigurationName = Release;
		};
		DFE34D6F1BB3362F00096025 /* Build configuration list for PBXNativeTarget "StraxUITests" */ = {
			isa = XCConfigurationList;
			buildConfigurations = (
				DFE34D701BB3362F00096025 /* Debug */,
				DFE34D711BB3362F00096025 /* Release */,
			);
			defaultConfigurationIsVisible = 0;
			defaultConfigurationName = Release;
		};
/* End XCConfigurationList section */

/* Begin XCVersionGroup section */
		DFE34D481BB3362F00096025 /* Strax.xcdatamodeld */ = {
			isa = XCVersionGroup;
			children = (
				DFE34D491BB3362F00096025 /* Strax.xcdatamodel */,
			);
			currentVersion = DFE34D491BB3362F00096025 /* Strax.xcdatamodel */;
			path = Strax.xcdatamodeld;
			sourceTree = "<group>";
			versionGroupType = wrapper.xcdatamodel;
		};
/* End XCVersionGroup section */
	};
	rootObject = DFE34D361BB3362F00096025 /* Project object */;
}
