// !$*UTF8*$!
{
	archiveVersion = 1;
	classes = {
	};
	objectVersion = 47;
	objects = {

/* Begin PBXBuildFile section */
		3B1C059DA8D09B43A0393021 /* Pods_Strax.framework in Frameworks */ = {isa = PBXBuildFile; fileRef = 30AAD860676A5237E40FD2DB /* Pods_Strax.framework */; settings = {ATTRIBUTES = (Weak, ); }; };
		4525B97A1BC1607600FC03DC /* AnnotationClusterView.swift in Sources */ = {isa = PBXBuildFile; fileRef = 4525B9791BC1607600FC03DC /* AnnotationClusterView.swift */; settings = {ASSET_TAGS = (); }; };
		4525B97C1BC1625100FC03DC /* AnnotationClusterView.xib in Resources */ = {isa = PBXBuildFile; fileRef = 4525B97B1BC1625100FC03DC /* AnnotationClusterView.xib */; settings = {ASSET_TAGS = (); }; };
		4548EAB31BB49D7000A15921 /* Annotation.swift in Sources */ = {isa = PBXBuildFile; fileRef = 4548EAB21BB49D7000A15921 /* Annotation.swift */; settings = {ASSET_TAGS = (); }; };
		45CCAE171BC19E10003039F8 /* MapKit.framework in Frameworks */ = {isa = PBXBuildFile; fileRef = 45CCAE161BC19E10003039F8 /* MapKit.framework */; };
		D07A443BB4C49D174B5A7B13 /* Pods_StraxTests.framework in Frameworks */ = {isa = PBXBuildFile; fileRef = 661131920A3FA9FF550B9B0B /* Pods_StraxTests.framework */; settings = {ATTRIBUTES = (Weak, ); }; };
		DFA6A7BD1BB340300052F7D7 /* SLDataProvider.swift in Sources */ = {isa = PBXBuildFile; fileRef = DFA6A7BC1BB340300052F7D7 /* SLDataProvider.swift */; settings = {ASSET_TAGS = (); }; };
		DFA6A7C11BB340500052F7D7 /* DBManager.swift in Sources */ = {isa = PBXBuildFile; fileRef = DFA6A7C01BB340500052F7D7 /* DBManager.swift */; settings = {ASSET_TAGS = (); }; };
		DFA6A7C31BB3405C0052F7D7 /* Location.swift in Sources */ = {isa = PBXBuildFile; fileRef = DFA6A7C21BB3405C0052F7D7 /* Location.swift */; settings = {ASSET_TAGS = (); }; };
		DFA6A7C71BB3407D0052F7D7 /* Trip.swift in Sources */ = {isa = PBXBuildFile; fileRef = DFA6A7C51BB3407D0052F7D7 /* Trip.swift */; settings = {ASSET_TAGS = (); }; };
		DFA6A7C81BB3407D0052F7D7 /* TravelLocation.swift in Sources */ = {isa = PBXBuildFile; fileRef = DFA6A7C61BB3407D0052F7D7 /* TravelLocation.swift */; settings = {ASSET_TAGS = (); }; };
		DFA6A7CC1BB340950052F7D7 /* MainViewController.swift in Sources */ = {isa = PBXBuildFile; fileRef = DFA6A7C91BB340950052F7D7 /* MainViewController.swift */; settings = {ASSET_TAGS = (); }; };
		DFA6A7CD1BB340950052F7D7 /* AddLocationViewController.swift in Sources */ = {isa = PBXBuildFile; fileRef = DFA6A7CA1BB340950052F7D7 /* AddLocationViewController.swift */; settings = {ASSET_TAGS = (); }; };
		DFA6A7CE1BB340950052F7D7 /* Main.storyboard in Resources */ = {isa = PBXBuildFile; fileRef = DFA6A7CB1BB340950052F7D7 /* Main.storyboard */; settings = {ASSET_TAGS = (); }; };
		DFA6A7D01BB340A10052F7D7 /* LaunchScreen.xib in Resources */ = {isa = PBXBuildFile; fileRef = DFA6A7CF1BB340A10052F7D7 /* LaunchScreen.xib */; settings = {ASSET_TAGS = (); }; };
		DFA6A7D51BB340C90052F7D7 /* AnnotationLocationView.xib in Resources */ = {isa = PBXBuildFile; fileRef = DFA6A7D11BB340C80052F7D7 /* AnnotationLocationView.xib */; settings = {ASSET_TAGS = (); }; };
		DFA6A7D61BB340C90052F7D7 /* LineView.swift in Sources */ = {isa = PBXBuildFile; fileRef = DFA6A7D21BB340C90052F7D7 /* LineView.swift */; settings = {ASSET_TAGS = (); }; };
		DFA6A7D71BB340C90052F7D7 /* AnnotationView.swift in Sources */ = {isa = PBXBuildFile; fileRef = DFA6A7D31BB340C90052F7D7 /* AnnotationView.swift */; settings = {ASSET_TAGS = (); }; };
		DFA6A7D81BB340C90052F7D7 /* MapInteractor.swift in Sources */ = {isa = PBXBuildFile; fileRef = DFA6A7D41BB340C90052F7D7 /* MapInteractor.swift */; settings = {ASSET_TAGS = (); }; };
		DFE34D421BB3362F00096025 /* AppDelegate.swift in Sources */ = {isa = PBXBuildFile; fileRef = DFE34D411BB3362F00096025 /* AppDelegate.swift */; };
		DFE34D4A1BB3362F00096025 /* Strax.xcdatamodeld in Sources */ = {isa = PBXBuildFile; fileRef = DFE34D481BB3362F00096025 /* Strax.xcdatamodeld */; };
		DFE34D4C1BB3362F00096025 /* Assets.xcassets in Resources */ = {isa = PBXBuildFile; fileRef = DFE34D4B1BB3362F00096025 /* Assets.xcassets */; };
		DFE34D5A1BB3362F00096025 /* StraxTests.swift in Sources */ = {isa = PBXBuildFile; fileRef = DFE34D591BB3362F00096025 /* StraxTests.swift */; };
		DFE34D651BB3362F00096025 /* StraxUITests.swift in Sources */ = {isa = PBXBuildFile; fileRef = DFE34D641BB3362F00096025 /* StraxUITests.swift */; };
		E531B23C45A97A224BC91BAB /* Pods_StraxUITests.framework in Frameworks */ = {isa = PBXBuildFile; fileRef = CCBA500DB6290284336D1E7E /* Pods_StraxUITests.framework */; settings = {ATTRIBUTES = (Weak, ); }; };
/* End PBXBuildFile section */

/* Begin PBXContainerItemProxy section */
		DFE34D561BB3362F00096025 /* PBXContainerItemProxy */ = {
			isa = PBXContainerItemProxy;
			containerPortal = DFE34D361BB3362F00096025 /* Project object */;
			proxyType = 1;
			remoteGlobalIDString = DFE34D3D1BB3362F00096025;
			remoteInfo = Strax;
		};
		DFE34D611BB3362F00096025 /* PBXContainerItemProxy */ = {
			isa = PBXContainerItemProxy;
			containerPortal = DFE34D361BB3362F00096025 /* Project object */;
			proxyType = 1;
			remoteGlobalIDString = DFE34D3D1BB3362F00096025;
			remoteInfo = Strax;
		};
/* End PBXContainerItemProxy section */

/* Begin PBXFileReference section */
		1F610EAEF1D74ACB07124695 /* Pods-StraxUITests.debug.xcconfig */ = {isa = PBXFileReference; includeInIndex = 1; lastKnownFileType = text.xcconfig; name = "Pods-StraxUITests.debug.xcconfig"; path = "Pods/Target Support Files/Pods-StraxUITests/Pods-StraxUITests.debug.xcconfig"; sourceTree = "<group>"; };
		30AAD860676A5237E40FD2DB /* Pods_Strax.framework */ = {isa = PBXFileReference; explicitFileType = wrapper.framework; includeInIndex = 0; path = Pods_Strax.framework; sourceTree = BUILT_PRODUCTS_DIR; };
		3BDC09F7DFB796B10FDEB64F /* Pods-StraxTests.debug.xcconfig */ = {isa = PBXFileReference; includeInIndex = 1; lastKnownFileType = text.xcconfig; name = "Pods-StraxTests.debug.xcconfig"; path = "Pods/Target Support Files/Pods-StraxTests/Pods-StraxTests.debug.xcconfig"; sourceTree = "<group>"; };
		4525B9791BC1607600FC03DC /* AnnotationClusterView.swift */ = {isa = PBXFileReference; fileEncoding = 4; lastKnownFileType = sourcecode.swift; path = AnnotationClusterView.swift; sourceTree = "<group>"; };
		4525B97B1BC1625100FC03DC /* AnnotationClusterView.xib */ = {isa = PBXFileReference; fileEncoding = 4; lastKnownFileType = file.xib; path = AnnotationClusterView.xib; sourceTree = "<group>"; };
		4548EAB21BB49D7000A15921 /* Annotation.swift */ = {isa = PBXFileReference; fileEncoding = 4; lastKnownFileType = sourcecode.swift; path = Annotation.swift; sourceTree = "<group>"; };
		4548EAB41BB4B1F500A15921 /* Strax-Bridging-Header.h */ = {isa = PBXFileReference; lastKnownFileType = sourcecode.c.h; path = "Strax-Bridging-Header.h"; sourceTree = SOURCE_ROOT; };
		45CCAE161BC19E10003039F8 /* MapKit.framework */ = {isa = PBXFileReference; lastKnownFileType = wrapper.framework; name = MapKit.framework; path = System/Library/Frameworks/MapKit.framework; sourceTree = SDKROOT; };
		661131920A3FA9FF550B9B0B /* Pods_StraxTests.framework */ = {isa = PBXFileReference; explicitFileType = wrapper.framework; includeInIndex = 0; path = Pods_StraxTests.framework; sourceTree = BUILT_PRODUCTS_DIR; };
		7E76F9863EB319C676759C70 /* Pods-StraxUITests.release.xcconfig */ = {isa = PBXFileReference; includeInIndex = 1; lastKnownFileType = text.xcconfig; name = "Pods-StraxUITests.release.xcconfig"; path = "Pods/Target Support Files/Pods-StraxUITests/Pods-StraxUITests.release.xcconfig"; sourceTree = "<group>"; };
		A3B76DAF4CC0246BDACF51B9 /* Pods-Strax.debug.xcconfig */ = {isa = PBXFileReference; includeInIndex = 1; lastKnownFileType = text.xcconfig; name = "Pods-Strax.debug.xcconfig"; path = "Pods/Target Support Files/Pods-Strax/Pods-Strax.debug.xcconfig"; sourceTree = "<group>"; };
		A3C18C23F0381033B07DDCDE /* Pods-Strax.release.xcconfig */ = {isa = PBXFileReference; includeInIndex = 1; lastKnownFileType = text.xcconfig; name = "Pods-Strax.release.xcconfig"; path = "Pods/Target Support Files/Pods-Strax/Pods-Strax.release.xcconfig"; sourceTree = "<group>"; };
		AF9BBE4F86D608DD146C62DA /* Pods-StraxTests.release.xcconfig */ = {isa = PBXFileReference; includeInIndex = 1; lastKnownFileType = text.xcconfig; name = "Pods-StraxTests.release.xcconfig"; path = "Pods/Target Support Files/Pods-StraxTests/Pods-StraxTests.release.xcconfig"; sourceTree = "<group>"; };
		CCBA500DB6290284336D1E7E /* Pods_StraxUITests.framework */ = {isa = PBXFileReference; explicitFileType = wrapper.framework; includeInIndex = 0; path = Pods_StraxUITests.framework; sourceTree = BUILT_PRODUCTS_DIR; };
		DFA6A7BC1BB340300052F7D7 /* SLDataProvider.swift */ = {isa = PBXFileReference; fileEncoding = 4; lastKnownFileType = sourcecode.swift; path = SLDataProvider.swift; sourceTree = "<group>"; };
		DFA6A7C01BB340500052F7D7 /* DBManager.swift */ = {isa = PBXFileReference; fileEncoding = 4; lastKnownFileType = sourcecode.swift; path = DBManager.swift; sourceTree = "<group>"; };
		DFA6A7C21BB3405C0052F7D7 /* Location.swift */ = {isa = PBXFileReference; fileEncoding = 4; lastKnownFileType = sourcecode.swift; path = Location.swift; sourceTree = "<group>"; };
		DFA6A7C51BB3407D0052F7D7 /* Trip.swift */ = {isa = PBXFileReference; fileEncoding = 4; lastKnownFileType = sourcecode.swift; path = Trip.swift; sourceTree = "<group>"; };
		DFA6A7C61BB3407D0052F7D7 /* TravelLocation.swift */ = {isa = PBXFileReference; fileEncoding = 4; lastKnownFileType = sourcecode.swift; path = TravelLocation.swift; sourceTree = "<group>"; };
		DFA6A7C91BB340950052F7D7 /* MainViewController.swift */ = {isa = PBXFileReference; fileEncoding = 4; lastKnownFileType = sourcecode.swift; path = MainViewController.swift; sourceTree = "<group>"; };
		DFA6A7CA1BB340950052F7D7 /* AddLocationViewController.swift */ = {isa = PBXFileReference; fileEncoding = 4; lastKnownFileType = sourcecode.swift; path = AddLocationViewController.swift; sourceTree = "<group>"; };
		DFA6A7CB1BB340950052F7D7 /* Main.storyboard */ = {isa = PBXFileReference; fileEncoding = 4; lastKnownFileType = file.storyboard; path = Main.storyboard; sourceTree = "<group>"; };
		DFA6A7CF1BB340A10052F7D7 /* LaunchScreen.xib */ = {isa = PBXFileReference; fileEncoding = 4; lastKnownFileType = file.xib; path = LaunchScreen.xib; sourceTree = "<group>"; };
		DFA6A7D11BB340C80052F7D7 /* AnnotationLocationView.xib */ = {isa = PBXFileReference; fileEncoding = 4; lastKnownFileType = file.xib; path = AnnotationLocationView.xib; sourceTree = "<group>"; };
		DFA6A7D21BB340C90052F7D7 /* LineView.swift */ = {isa = PBXFileReference; fileEncoding = 4; lastKnownFileType = sourcecode.swift; path = LineView.swift; sourceTree = "<group>"; };
		DFA6A7D31BB340C90052F7D7 /* AnnotationView.swift */ = {isa = PBXFileReference; fileEncoding = 4; lastKnownFileType = sourcecode.swift; path = AnnotationView.swift; sourceTree = "<group>"; };
		DFA6A7D41BB340C90052F7D7 /* MapInteractor.swift */ = {isa = PBXFileReference; fileEncoding = 4; lastKnownFileType = sourcecode.swift; path = MapInteractor.swift; sourceTree = "<group>"; };
		DFE34D3E1BB3362F00096025 /* Strax.app */ = {isa = PBXFileReference; explicitFileType = wrapper.application; includeInIndex = 0; path = Strax.app; sourceTree = BUILT_PRODUCTS_DIR; };
		DFE34D411BB3362F00096025 /* AppDelegate.swift */ = {isa = PBXFileReference; lastKnownFileType = sourcecode.swift; path = AppDelegate.swift; sourceTree = "<group>"; };
		DFE34D491BB3362F00096025 /* Strax.xcdatamodel */ = {isa = PBXFileReference; lastKnownFileType = wrapper.xcdatamodel; path = Strax.xcdatamodel; sourceTree = "<group>"; };
		DFE34D4B1BB3362F00096025 /* Assets.xcassets */ = {isa = PBXFileReference; lastKnownFileType = folder.assetcatalog; path = Assets.xcassets; sourceTree = "<group>"; };
		DFE34D501BB3362F00096025 /* Info.plist */ = {isa = PBXFileReference; lastKnownFileType = text.plist.xml; path = Info.plist; sourceTree = "<group>"; };
		DFE34D551BB3362F00096025 /* StraxTests.xctest */ = {isa = PBXFileReference; explicitFileType = wrapper.cfbundle; includeInIndex = 0; path = StraxTests.xctest; sourceTree = BUILT_PRODUCTS_DIR; };
		DFE34D591BB3362F00096025 /* StraxTests.swift */ = {isa = PBXFileReference; lastKnownFileType = sourcecode.swift; path = StraxTests.swift; sourceTree = "<group>"; };
		DFE34D5B1BB3362F00096025 /* Info.plist */ = {isa = PBXFileReference; lastKnownFileType = text.plist.xml; path = Info.plist; sourceTree = "<group>"; };
		DFE34D601BB3362F00096025 /* StraxUITests.xctest */ = {isa = PBXFileReference; explicitFileType = wrapper.cfbundle; includeInIndex = 0; path = StraxUITests.xctest; sourceTree = BUILT_PRODUCTS_DIR; };
		DFE34D641BB3362F00096025 /* StraxUITests.swift */ = {isa = PBXFileReference; lastKnownFileType = sourcecode.swift; path = StraxUITests.swift; sourceTree = "<group>"; };
		DFE34D661BB3362F00096025 /* Info.plist */ = {isa = PBXFileReference; lastKnownFileType = text.plist.xml; path = Info.plist; sourceTree = "<group>"; };
/* End PBXFileReference section */

/* Begin PBXFrameworksBuildPhase section */
		DFE34D3B1BB3362F00096025 /* Frameworks */ = {
			isa = PBXFrameworksBuildPhase;
			buildActionMask = 2147483647;
			files = (
				45CCAE171BC19E10003039F8 /* MapKit.framework in Frameworks */,
				3B1C059DA8D09B43A0393021 /* Pods_Strax.framework in Frameworks */,
			);
			runOnlyForDeploymentPostprocessing = 0;
		};
		DFE34D521BB3362F00096025 /* Frameworks */ = {
			isa = PBXFrameworksBuildPhase;
			buildActionMask = 2147483647;
			files = (
				D07A443BB4C49D174B5A7B13 /* Pods_StraxTests.framework in Frameworks */,
			);
			runOnlyForDeploymentPostprocessing = 0;
		};
		DFE34D5D1BB3362F00096025 /* Frameworks */ = {
			isa = PBXFrameworksBuildPhase;
			buildActionMask = 2147483647;
			files = (
				E531B23C45A97A224BC91BAB /* Pods_StraxUITests.framework in Frameworks */,
			);
			runOnlyForDeploymentPostprocessing = 0;
		};
/* End PBXFrameworksBuildPhase section */

/* Begin PBXGroup section */
		1AF8B5695EBF5CE0798960CE /* Frameworks */ = {
			isa = PBXGroup;
			children = (
				45CCAE161BC19E10003039F8 /* MapKit.framework */,
				30AAD860676A5237E40FD2DB /* Pods_Strax.framework */,
				661131920A3FA9FF550B9B0B /* Pods_StraxTests.framework */,
				CCBA500DB6290284336D1E7E /* Pods_StraxUITests.framework */,
			);
			name = Frameworks;
			sourceTree = "<group>";
		};
		BEC49282F7066BD4046ABAF8 /* Pods */ = {
			isa = PBXGroup;
			children = (
				A3B76DAF4CC0246BDACF51B9 /* Pods-Strax.debug.xcconfig */,
				A3C18C23F0381033B07DDCDE /* Pods-Strax.release.xcconfig */,
				3BDC09F7DFB796B10FDEB64F /* Pods-StraxTests.debug.xcconfig */,
				AF9BBE4F86D608DD146C62DA /* Pods-StraxTests.release.xcconfig */,
				1F610EAEF1D74ACB07124695 /* Pods-StraxUITests.debug.xcconfig */,
				7E76F9863EB319C676759C70 /* Pods-StraxUITests.release.xcconfig */,
			);
			name = Pods;
			sourceTree = "<group>";
		};
		DFA6A7C41BB340710052F7D7 /* Models */ = {
			isa = PBXGroup;
			children = (
				DFA6A7C51BB3407D0052F7D7 /* Trip.swift */,
				DFA6A7C61BB3407D0052F7D7 /* TravelLocation.swift */,
			);
			name = Models;
			sourceTree = "<group>";
		};
		DFA6A7D91BB340CE0052F7D7 /* Map */ = {
			isa = PBXGroup;
			children = (
				DFA6A7D11BB340C80052F7D7 /* AnnotationLocationView.xib */,
				4525B97B1BC1625100FC03DC /* AnnotationClusterView.xib */,
				DFA6A7D21BB340C90052F7D7 /* LineView.swift */,
				DFA6A7D31BB340C90052F7D7 /* AnnotationView.swift */,
				4525B9791BC1607600FC03DC /* AnnotationClusterView.swift */,
				DFA6A7D41BB340C90052F7D7 /* MapInteractor.swift */,
				4548EAB21BB49D7000A15921 /* Annotation.swift */,
			);
			name = Map;
			sourceTree = "<group>";
		};
		DFA6A7DA1BB341440052F7D7 /* API */ = {
			isa = PBXGroup;
			children = (
				DFA6A7BC1BB340300052F7D7 /* SLDataProvider.swift */,
			);
			name = API;
			sourceTree = "<group>";
		};
		DFA6A7DB1BB341600052F7D7 /* Database */ = {
			isa = PBXGroup;
			children = (
				DFE34D481BB3362F00096025 /* Strax.xcdatamodeld */,
				DFA6A7C21BB3405C0052F7D7 /* Location.swift */,
				DFA6A7C01BB340500052F7D7 /* DBManager.swift */,
			);
			name = Database;
			sourceTree = "<group>";
		};
		DFE34D351BB3362F00096025 = {
			isa = PBXGroup;
			children = (
				DFE34D401BB3362F00096025 /* Strax */,
				DFE34D581BB3362F00096025 /* StraxTests */,
				DFE34D631BB3362F00096025 /* StraxUITests */,
				DFE34D3F1BB3362F00096025 /* Products */,
				BEC49282F7066BD4046ABAF8 /* Pods */,
				1AF8B5695EBF5CE0798960CE /* Frameworks */,
			);
			sourceTree = "<group>";
		};
		DFE34D3F1BB3362F00096025 /* Products */ = {
			isa = PBXGroup;
			children = (
				DFE34D3E1BB3362F00096025 /* Strax.app */,
				DFE34D551BB3362F00096025 /* StraxTests.xctest */,
				DFE34D601BB3362F00096025 /* StraxUITests.xctest */,
			);
			name = Products;
			sourceTree = "<group>";
		};
		DFE34D401BB3362F00096025 /* Strax */ = {
			isa = PBXGroup;
			children = (
				DFA6A7C41BB340710052F7D7 /* Models */,
				DFA6A7D91BB340CE0052F7D7 /* Map */,
				DFA6A7DA1BB341440052F7D7 /* API */,
				DFA6A7DB1BB341600052F7D7 /* Database */,
				DFE34D411BB3362F00096025 /* AppDelegate.swift */,
				DFE34D4B1BB3362F00096025 /* Assets.xcassets */,
				DFA6A7C91BB340950052F7D7 /* MainViewController.swift */,
				DFA6A7CA1BB340950052F7D7 /* AddLocationViewController.swift */,
				DFA6A7CB1BB340950052F7D7 /* Main.storyboard */,
				DFE34D501BB3362F00096025 /* Info.plist */,
				DFA6A7CF1BB340A10052F7D7 /* LaunchScreen.xib */,
				4548EAB41BB4B1F500A15921 /* Strax-Bridging-Header.h */,
			);
			path = Strax;
			sourceTree = "<group>";
		};
		DFE34D581BB3362F00096025 /* StraxTests */ = {
			isa = PBXGroup;
			children = (
				DFE34D591BB3362F00096025 /* StraxTests.swift */,
				DFE34D5B1BB3362F00096025 /* Info.plist */,
			);
			path = StraxTests;
			sourceTree = "<group>";
		};
		DFE34D631BB3362F00096025 /* StraxUITests */ = {
			isa = PBXGroup;
			children = (
				DFE34D641BB3362F00096025 /* StraxUITests.swift */,
				DFE34D661BB3362F00096025 /* Info.plist */,
			);
			path = StraxUITests;
			sourceTree = "<group>";
		};
/* End PBXGroup section */

/* Begin PBXNativeTarget section */
		DFE34D3D1BB3362F00096025 /* Strax */ = {
			isa = PBXNativeTarget;
			buildConfigurationList = DFE34D691BB3362F00096025 /* Build configuration list for PBXNativeTarget "Strax" */;
			buildPhases = (
				C0C78D58C3CC02231932AD69 /* Check Pods Manifest.lock */,
				DFE34D3A1BB3362F00096025 /* Sources */,
				DFE34D3B1BB3362F00096025 /* Frameworks */,
				DFE34D3C1BB3362F00096025 /* Resources */,
				601922988964E0A32A69B034 /* Embed Pods Frameworks */,
				B8DDB335B5893655BC852CED /* Copy Pods Resources */,
			);
			buildRules = (
			);
			dependencies = (
			);
			name = Strax;
			productName = Strax;
			productReference = DFE34D3E1BB3362F00096025 /* Strax.app */;
			productType = "com.apple.product-type.application";
		};
		DFE34D541BB3362F00096025 /* StraxTests */ = {
			isa = PBXNativeTarget;
			buildConfigurationList = DFE34D6C1BB3362F00096025 /* Build configuration list for PBXNativeTarget "StraxTests" */;
			buildPhases = (
				6306A645834F55257F5E0DB3 /* Check Pods Manifest.lock */,
				DFE34D511BB3362F00096025 /* Sources */,
				DFE34D521BB3362F00096025 /* Frameworks */,
				DFE34D531BB3362F00096025 /* Resources */,
				BD3E8C2C6AE4BD4C2361D3F7 /* Embed Pods Frameworks */,
				BD5711C7D77C14C375FAB849 /* Copy Pods Resources */,
			);
			buildRules = (
			);
			dependencies = (
				DFE34D571BB3362F00096025 /* PBXTargetDependency */,
			);
			name = StraxTests;
			productName = StraxTests;
			productReference = DFE34D551BB3362F00096025 /* StraxTests.xctest */;
			productType = "com.apple.product-type.bundle.unit-test";
		};
		DFE34D5F1BB3362F00096025 /* StraxUITests */ = {
			isa = PBXNativeTarget;
			buildConfigurationList = DFE34D6F1BB3362F00096025 /* Build configuration list for PBXNativeTarget "StraxUITests" */;
			buildPhases = (
				685D1394AD4B6343BCE98655 /* Check Pods Manifest.lock */,
				DFE34D5C1BB3362F00096025 /* Sources */,
				DFE34D5D1BB3362F00096025 /* Frameworks */,
				DFE34D5E1BB3362F00096025 /* Resources */,
				D1CF15D13FFA8881D4C99829 /* Copy Pods Resources */,
			);
			buildRules = (
			);
			dependencies = (
				DFE34D621BB3362F00096025 /* PBXTargetDependency */,
			);
			name = StraxUITests;
			productName = StraxUITests;
			productReference = DFE34D601BB3362F00096025 /* StraxUITests.xctest */;
			productType = "com.apple.product-type.bundle.ui-testing";
		};
/* End PBXNativeTarget section */

/* Begin PBXProject section */
		DFE34D361BB3362F00096025 /* Project object */ = {
			isa = PBXProject;
			attributes = {
				LastSwiftUpdateCheck = 0700;
				LastUpgradeCheck = 0700;
				ORGANIZATIONNAME = LemonandLime;
				TargetAttributes = {
					DFE34D3D1BB3362F00096025 = {
						CreatedOnToolsVersion = 7.0;
						SystemCapabilities = {
							com.apple.Maps.iOS = {
								enabled = 1;
							};
						};
					};
					DFE34D541BB3362F00096025 = {
						CreatedOnToolsVersion = 7.0;
						TestTargetID = DFE34D3D1BB3362F00096025;
					};
					DFE34D5F1BB3362F00096025 = {
						CreatedOnToolsVersion = 7.0;
						TestTargetID = DFE34D3D1BB3362F00096025;
					};
				};
			};
			buildConfigurationList = DFE34D391BB3362F00096025 /* Build configuration list for PBXProject "Strax" */;
			compatibilityVersion = "Xcode 6.3";
			developmentRegion = English;
			hasScannedForEncodings = 0;
			knownRegions = (
				en,
				Base,
			);
			mainGroup = DFE34D351BB3362F00096025;
			productRefGroup = DFE34D3F1BB3362F00096025 /* Products */;
			projectDirPath = "";
			projectRoot = "";
			targets = (
				DFE34D3D1BB3362F00096025 /* Strax */,
				DFE34D541BB3362F00096025 /* StraxTests */,
				DFE34D5F1BB3362F00096025 /* StraxUITests */,
			);
		};
/* End PBXProject section */

/* Begin PBXResourcesBuildPhase section */
		DFE34D3C1BB3362F00096025 /* Resources */ = {
			isa = PBXResourcesBuildPhase;
			buildActionMask = 2147483647;
			files = (
				DFE34D4C1BB3362F00096025 /* Assets.xcassets in Resources */,
				DFA6A7D51BB340C90052F7D7 /* AnnotationLocationView.xib in Resources */,
				4525B97C1BC1625100FC03DC /* AnnotationClusterView.xib in Resources */,
				DFA6A7D01BB340A10052F7D7 /* LaunchScreen.xib in Resources */,
				DFA6A7CE1BB340950052F7D7 /* Main.storyboard in Resources */,
			);
			runOnlyForDeploymentPostprocessing = 0;
		};
		DFE34D531BB3362F00096025 /* Resources */ = {
			isa = PBXResourcesBuildPhase;
			buildActionMask = 2147483647;
			files = (
			);
			runOnlyForDeploymentPostprocessing = 0;
		};
		DFE34D5E1BB3362F00096025 /* Resources */ = {
			isa = PBXResourcesBuildPhase;
			buildActionMask = 2147483647;
			files = (
			);
			runOnlyForDeploymentPostprocessing = 0;
		};
/* End PBXResourcesBuildPhase section */

/* Begin PBXShellScriptBuildPhase section */
		601922988964E0A32A69B034 /* Embed Pods Frameworks */ = {
			isa = PBXShellScriptBuildPhase;
			buildActionMask = 2147483647;
			files = (
			);
			inputPaths = (
			);
			name = "Embed Pods Frameworks";
			outputPaths = (
			);
			runOnlyForDeploymentPostprocessing = 0;
			shellPath = /bin/sh;
			shellScript = "\"${SRCROOT}/Pods/Target Support Files/Pods-Strax/Pods-Strax-frameworks.sh\"\n";
			showEnvVarsInLog = 0;
		};
		6306A645834F55257F5E0DB3 /* Check Pods Manifest.lock */ = {
			isa = PBXShellScriptBuildPhase;
			buildActionMask = 2147483647;
			files = (
			);
			inputPaths = (
			);
			name = "Check Pods Manifest.lock";
			outputPaths = (
			);
			runOnlyForDeploymentPostprocessing = 0;
			shellPath = /bin/sh;
			shellScript = "diff \"${PODS_ROOT}/../Podfile.lock\" \"${PODS_ROOT}/Manifest.lock\" > /dev/null\nif [[ $? != 0 ]] ; then\n    cat << EOM\nerror: The sandbox is not in sync with the Podfile.lock. Run 'pod install' or update your CocoaPods installation.\nEOM\n    exit 1\nfi\n";
			showEnvVarsInLog = 0;
		};
		685D1394AD4B6343BCE98655 /* Check Pods Manifest.lock */ = {
			isa = PBXShellScriptBuildPhase;
			buildActionMask = 2147483647;
			files = (
			);
			inputPaths = (
			);
			name = "Check Pods Manifest.lock";
			outputPaths = (
			);
			runOnlyForDeploymentPostprocessing = 0;
			shellPath = /bin/sh;
			shellScript = "diff \"${PODS_ROOT}/../Podfile.lock\" \"${PODS_ROOT}/Manifest.lock\" > /dev/null\nif [[ $? != 0 ]] ; then\n    cat << EOM\nerror: The sandbox is not in sync with the Podfile.lock. Run 'pod install' or update your CocoaPods installation.\nEOM\n    exit 1\nfi\n";
			showEnvVarsInLog = 0;
		};
		B8DDB335B5893655BC852CED /* Copy Pods Resources */ = {
			isa = PBXShellScriptBuildPhase;
			buildActionMask = 2147483647;
			files = (
			);
			inputPaths = (
			);
			name = "Copy Pods Resources";
			outputPaths = (
			);
			runOnlyForDeploymentPostprocessing = 0;
			shellPath = /bin/sh;
			shellScript = "\"${SRCROOT}/Pods/Target Support Files/Pods-Strax/Pods-Strax-resources.sh\"\n";
			showEnvVarsInLog = 0;
		};
		BD3E8C2C6AE4BD4C2361D3F7 /* Embed Pods Frameworks */ = {
			isa = PBXShellScriptBuildPhase;
			buildActionMask = 2147483647;
			files = (
			);
			inputPaths = (
			);
			name = "Embed Pods Frameworks";
			outputPaths = (
			);
			runOnlyForDeploymentPostprocessing = 0;
			shellPath = /bin/sh;
			shellScript = "\"${SRCROOT}/Pods/Target Support Files/Pods-StraxTests/Pods-StraxTests-frameworks.sh\"\n";
			showEnvVarsInLog = 0;
		};
		BD5711C7D77C14C375FAB849 /* Copy Pods Resources */ = {
			isa = PBXShellScriptBuildPhase;
			buildActionMask = 2147483647;
			files = (
			);
			inputPaths = (
			);
			name = "Copy Pods Resources";
			outputPaths = (
			);
			runOnlyForDeploymentPostprocessing = 0;
			shellPath = /bin/sh;
			shellScript = "\"${SRCROOT}/Pods/Target Support Files/Pods-StraxTests/Pods-StraxTests-resources.sh\"\n";
			showEnvVarsInLog = 0;
		};
		C0C78D58C3CC02231932AD69 /* Check Pods Manifest.lock */ = {
			isa = PBXShellScriptBuildPhase;
			buildActionMask = 2147483647;
			files = (
			);
			inputPaths = (
			);
			name = "Check Pods Manifest.lock";
			outputPaths = (
			);
			runOnlyForDeploymentPostprocessing = 0;
			shellPath = /bin/sh;
			shellScript = "diff \"${PODS_ROOT}/../Podfile.lock\" \"${PODS_ROOT}/Manifest.lock\" > /dev/null\nif [[ $? != 0 ]] ; then\n    cat << EOM\nerror: The sandbox is not in sync with the Podfile.lock. Run 'pod install' or update your CocoaPods installation.\nEOM\n    exit 1\nfi\n";
			showEnvVarsInLog = 0;
		};
		D1CF15D13FFA8881D4C99829 /* Copy Pods Resources */ = {
			isa = PBXShellScriptBuildPhase;
			buildActionMask = 2147483647;
			files = (
			);
			inputPaths = (
			);
			name = "Copy Pods Resources";
			outputPaths = (
			);
			runOnlyForDeploymentPostprocessing = 0;
			shellPath = /bin/sh;
			shellScript = "\"${SRCROOT}/Pods/Target Support Files/Pods-StraxUITests/Pods-StraxUITests-resources.sh\"\n";
			showEnvVarsInLog = 0;
		};
/* End PBXShellScriptBuildPhase section */

/* Begin PBXSourcesBuildPhase section */
		DFE34D3A1BB3362F00096025 /* Sources */ = {
			isa = PBXSourcesBuildPhase;
			buildActionMask = 2147483647;
			files = (
				DFA6A7C11BB340500052F7D7 /* DBManager.swift in Sources */,
				DFA6A7D71BB340C90052F7D7 /* AnnotationView.swift in Sources */,
				DFE34D4A1BB3362F00096025 /* Strax.xcdatamodeld in Sources */,
				DFA6A7BD1BB340300052F7D7 /* SLDataProvider.swift in Sources */,
				4525B97A1BC1607600FC03DC /* AnnotationClusterView.swift in Sources */,
				4548EAB31BB49D7000A15921 /* Annotation.swift in Sources */,
				DFE34D421BB3362F00096025 /* AppDelegate.swift in Sources */,
				DFA6A7C31BB3405C0052F7D7 /* Location.swift in Sources */,
				DFA6A7D61BB340C90052F7D7 /* LineView.swift in Sources */,
				DFA6A7D81BB340C90052F7D7 /* MapInteractor.swift in Sources */,
				DFA6A7C71BB3407D0052F7D7 /* Trip.swift in Sources */,
				DFA6A7CC1BB340950052F7D7 /* MainViewController.swift in Sources */,
				DFA6A7CD1BB340950052F7D7 /* AddLocationViewController.swift in Sources */,
				DFA6A7C81BB3407D0052F7D7 /* TravelLocation.swift in Sources */,
			);
			runOnlyForDeploymentPostprocessing = 0;
		};
		DFE34D511BB3362F00096025 /* Sources */ = {
			isa = PBXSourcesBuildPhase;
			buildActionMask = 2147483647;
			files = (
				DFE34D5A1BB3362F00096025 /* StraxTests.swift in Sources */,
			);
			runOnlyForDeploymentPostprocessing = 0;
		};
		DFE34D5C1BB3362F00096025 /* Sources */ = {
			isa = PBXSourcesBuildPhase;
			buildActionMask = 2147483647;
			files = (
				DFE34D651BB3362F00096025 /* StraxUITests.swift in Sources */,
			);
			runOnlyForDeploymentPostprocessing = 0;
		};
/* End PBXSourcesBuildPhase section */

/* Begin PBXTargetDependency section */
		DFE34D571BB3362F00096025 /* PBXTargetDependency */ = {
			isa = PBXTargetDependency;
			target = DFE34D3D1BB3362F00096025 /* Strax */;
			targetProxy = DFE34D561BB3362F00096025 /* PBXContainerItemProxy */;
		};
		DFE34D621BB3362F00096025 /* PBXTargetDependency */ = {
			isa = PBXTargetDependency;
			target = DFE34D3D1BB3362F00096025 /* Strax */;
			targetProxy = DFE34D611BB3362F00096025 /* PBXContainerItemProxy */;
		};
/* End PBXTargetDependency section */

/* Begin XCBuildConfiguration section */
		DFE34D671BB3362F00096025 /* Debug */ = {
			isa = XCBuildConfiguration;
			buildSettings = {
				ALWAYS_SEARCH_USER_PATHS = NO;
				CLANG_CXX_LANGUAGE_STANDARD = "gnu++0x";
				CLANG_CXX_LIBRARY = "libc++";
				CLANG_ENABLE_MODULES = YES;
				CLANG_ENABLE_OBJC_ARC = YES;
				CLANG_WARN_BOOL_CONVERSION = YES;
				CLANG_WARN_CONSTANT_CONVERSION = YES;
				CLANG_WARN_DIRECT_OBJC_ISA_USAGE = YES_ERROR;
				CLANG_WARN_EMPTY_BODY = YES;
				CLANG_WARN_ENUM_CONVERSION = YES;
				CLANG_WARN_INT_CONVERSION = YES;
				CLANG_WARN_OBJC_ROOT_CLASS = YES_ERROR;
				CLANG_WARN_UNREACHABLE_CODE = YES;
				CLANG_WARN__DUPLICATE_METHOD_MATCH = YES;
				"CODE_SIGN_IDENTITY[sdk=iphoneos*]" = "iPhone Developer";
				COPY_PHASE_STRIP = NO;
				DEBUG_INFORMATION_FORMAT = dwarf;
				ENABLE_STRICT_OBJC_MSGSEND = YES;
				ENABLE_TESTABILITY = YES;
				GCC_C_LANGUAGE_STANDARD = gnu99;
				GCC_DYNAMIC_NO_PIC = NO;
				GCC_NO_COMMON_BLOCKS = YES;
				GCC_OPTIMIZATION_LEVEL = 0;
				GCC_PREPROCESSOR_DEFINITIONS = (
					"DEBUG=1",
					"$(inherited)",
				);
				GCC_WARN_64_TO_32_BIT_CONVERSION = YES;
				GCC_WARN_ABOUT_RETURN_TYPE = YES_ERROR;
				GCC_WARN_UNDECLARED_SELECTOR = YES;
				GCC_WARN_UNINITIALIZED_AUTOS = YES_AGGRESSIVE;
				GCC_WARN_UNUSED_FUNCTION = YES;
				GCC_WARN_UNUSED_VARIABLE = YES;
				IPHONEOS_DEPLOYMENT_TARGET = 9.0;
				MTL_ENABLE_DEBUG_INFO = YES;
				ONLY_ACTIVE_ARCH = YES;
				SDKROOT = iphoneos;
				SWIFT_OPTIMIZATION_LEVEL = "-Onone";
				TARGETED_DEVICE_FAMILY = "1,2";
			};
			name = Debug;
		};
		DFE34D681BB3362F00096025 /* Release */ = {
			isa = XCBuildConfiguration;
			buildSettings = {
				ALWAYS_SEARCH_USER_PATHS = NO;
				CLANG_CXX_LANGUAGE_STANDARD = "gnu++0x";
				CLANG_CXX_LIBRARY = "libc++";
				CLANG_ENABLE_MODULES = YES;
				CLANG_ENABLE_OBJC_ARC = YES;
				CLANG_WARN_BOOL_CONVERSION = YES;
				CLANG_WARN_CONSTANT_CONVERSION = YES;
				CLANG_WARN_DIRECT_OBJC_ISA_USAGE = YES_ERROR;
				CLANG_WARN_EMPTY_BODY = YES;
				CLANG_WARN_ENUM_CONVERSION = YES;
				CLANG_WARN_INT_CONVERSION = YES;
				CLANG_WARN_OBJC_ROOT_CLASS = YES_ERROR;
				CLANG_WARN_UNREACHABLE_CODE = YES;
				CLANG_WARN__DUPLICATE_METHOD_MATCH = YES;
				"CODE_SIGN_IDENTITY[sdk=iphoneos*]" = "iPhone Developer";
				COPY_PHASE_STRIP = NO;
				DEBUG_INFORMATION_FORMAT = "dwarf-with-dsym";
				ENABLE_NS_ASSERTIONS = NO;
				ENABLE_STRICT_OBJC_MSGSEND = YES;
				GCC_C_LANGUAGE_STANDARD = gnu99;
				GCC_NO_COMMON_BLOCKS = YES;
				GCC_WARN_64_TO_32_BIT_CONVERSION = YES;
				GCC_WARN_ABOUT_RETURN_TYPE = YES_ERROR;
				GCC_WARN_UNDECLARED_SELECTOR = YES;
				GCC_WARN_UNINITIALIZED_AUTOS = YES_AGGRESSIVE;
				GCC_WARN_UNUSED_FUNCTION = YES;
				GCC_WARN_UNUSED_VARIABLE = YES;
				IPHONEOS_DEPLOYMENT_TARGET = 9.0;
				MTL_ENABLE_DEBUG_INFO = NO;
				SDKROOT = iphoneos;
				TARGETED_DEVICE_FAMILY = "1,2";
				VALIDATE_PRODUCT = YES;
			};
			name = Release;
		};
		DFE34D6A1BB3362F00096025 /* Debug */ = {
			isa = XCBuildConfiguration;
			baseConfigurationReference = A3B76DAF4CC0246BDACF51B9 /* Pods-Strax.debug.xcconfig */;
			buildSettings = {
				ASSETCATALOG_COMPILER_APPICON_NAME = AppIcon;
				CLANG_ENABLE_MODULES = YES;
				CODE_SIGN_IDENTITY = "iPhone Developer";
				INFOPLIST_FILE = Strax/Info.plist;
				LD_RUNPATH_SEARCH_PATHS = "$(inherited) @executable_path/Frameworks";
				PRODUCT_BUNDLE_IDENTIFIER = se.lemonandlime.Strax;
				PRODUCT_NAME = "$(TARGET_NAME)";
				SWIFT_OBJC_BRIDGING_HEADER = "Strax-Bridging-Header.h";
				SWIFT_OPTIMIZATION_LEVEL = "-Onone";
			};
			name = Debug;
		};
		DFE34D6B1BB3362F00096025 /* Release */ = {
			isa = XCBuildConfiguration;
			baseConfigurationReference = A3C18C23F0381033B07DDCDE /* Pods-Strax.release.xcconfig */;
			buildSettings = {
				ASSETCATALOG_COMPILER_APPICON_NAME = AppIcon;
				CLANG_ENABLE_MODULES = YES;
				CODE_SIGN_IDENTITY = "iPhone Developer";
				INFOPLIST_FILE = Strax/Info.plist;
				LD_RUNPATH_SEARCH_PATHS = "$(inherited) @executable_path/Frameworks";
				PRODUCT_BUNDLE_IDENTIFIER = se.lemonandlime.Strax;
				PRODUCT_NAME = "$(TARGET_NAME)";
				SWIFT_OBJC_BRIDGING_HEADER = "Strax-Bridging-Header.h";
			};
			name = Release;
		};
		DFE34D6D1BB3362F00096025 /* Debug */ = {
			isa = XCBuildConfiguration;
			baseConfigurationReference = 3BDC09F7DFB796B10FDEB64F /* Pods-StraxTests.debug.xcconfig */;
			buildSettings = {
				BUNDLE_LOADER = "$(TEST_HOST)";
				INFOPLIST_FILE = StraxTests/Info.plist;
				LD_RUNPATH_SEARCH_PATHS = "$(inherited) @executable_path/Frameworks @loader_path/Frameworks";
				PRODUCT_BUNDLE_IDENTIFIER = se.lemonandlime.StraxTests;
				PRODUCT_NAME = "$(TARGET_NAME)";
				TEST_HOST = "$(BUILT_PRODUCTS_DIR)/Strax.app/Strax";
			};
			name = Debug;
		};
		DFE34D6E1BB3362F00096025 /* Release */ = {
			isa = XCBuildConfiguration;
			baseConfigurationReference = AF9BBE4F86D608DD146C62DA /* Pods-StraxTests.release.xcconfig */;
			buildSettings = {
				BUNDLE_LOADER = "$(TEST_HOST)";
				INFOPLIST_FILE = StraxTests/Info.plist;
				LD_RUNPATH_SEARCH_PATHS = "$(inherited) @executable_path/Frameworks @loader_path/Frameworks";
				PRODUCT_BUNDLE_IDENTIFIER = se.lemonandlime.StraxTests;
				PRODUCT_NAME = "$(TARGET_NAME)";
				TEST_HOST = "$(BUILT_PRODUCTS_DIR)/Strax.app/Strax";
			};
			name = Release;
		};
		DFE34D701BB3362F00096025 /* Debug */ = {
			isa = XCBuildConfiguration;
			baseConfigurationReference = 1F610EAEF1D74ACB07124695 /* Pods-StraxUITests.debug.xcconfig */;
			buildSettings = {
				INFOPLIST_FILE = StraxUITests/Info.plist;
				LD_RUNPATH_SEARCH_PATHS = "$(inherited) @executable_path/Frameworks @loader_path/Frameworks";
				PRODUCT_BUNDLE_IDENTIFIER = se.lemonandlime.StraxUITests;
				PRODUCT_NAME = "$(TARGET_NAME)";
				TEST_TARGET_NAME = Strax;
				USES_XCTRUNNER = YES;
			};
			name = Debug;
		};
		DFE34D711BB3362F00096025 /* Release */ = {
			isa = XCBuildConfiguration;
			baseConfigurationReference = 7E76F9863EB319C676759C70 /* Pods-StraxUITests.release.xcconfig */;
			buildSettings = {
				INFOPLIST_FILE = StraxUITests/Info.plist;
				LD_RUNPATH_SEARCH_PATHS = "$(inherited) @executable_path/Frameworks @loader_path/Frameworks";
				PRODUCT_BUNDLE_IDENTIFIER = se.lemonandlime.StraxUITests;
				PRODUCT_NAME = "$(TARGET_NAME)";
				TEST_TARGET_NAME = Strax;
				USES_XCTRUNNER = YES;
			};
			name = Release;
		};
/* End XCBuildConfiguration section */

/* Begin XCConfigurationList section */
		DFE34D391BB3362F00096025 /* Build configuration list for PBXProject "Strax" */ = {
			isa = XCConfigurationList;
			buildConfigurations = (
				DFE34D671BB3362F00096025 /* Debug */,
				DFE34D681BB3362F00096025 /* Release */,
			);
			defaultConfigurationIsVisible = 0;
			defaultConfigurationName = Release;
		};
		DFE34D691BB3362F00096025 /* Build configuration list for PBXNativeTarget "Strax" */ = {
			isa = XCConfigurationList;
			buildConfigurations = (
				DFE34D6A1BB3362F00096025 /* Debug */,
				DFE34D6B1BB3362F00096025 /* Release */,
			);
			defaultConfigurationIsVisible = 0;
			defaultConfigurationName = Release;
		};
		DFE34D6C1BB3362F00096025 /* Build configuration list for PBXNativeTarget "StraxTests" */ = {
			isa = XCConfigurationList;
			buildConfigurations = (
				DFE34D6D1BB3362F00096025 /* Debug */,
				DFE34D6E1BB3362F00096025 /* Release */,
			);
			defaultConfigurationIsVisible = 0;
			defaultConfigurationName = Release;
		};
		DFE34D6F1BB3362F00096025 /* Build configuration list for PBXNativeTarget "StraxUITests" */ = {
			isa = XCConfigurationList;
			buildConfigurations = (
				DFE34D701BB3362F00096025 /* Debug */,
				DFE34D711BB3362F00096025 /* Release */,
			);
			defaultConfigurationIsVisible = 0;
			defaultConfigurationName = Release;
		};
/* End XCConfigurationList section */

/* Begin XCVersionGroup section */
		DFE34D481BB3362F00096025 /* Strax.xcdatamodeld */ = {
			isa = XCVersionGroup;
			children = (
				DFE34D491BB3362F00096025 /* Strax.xcdatamodel */,
			);
			currentVersion = DFE34D491BB3362F00096025 /* Strax.xcdatamodel */;
			path = Strax.xcdatamodeld;
			sourceTree = "<group>";
			versionGroupType = wrapper.xcdatamodel;
		};
/* End XCVersionGroup section */
	};
	rootObject = DFE34D361BB3362F00096025 /* Project object */;
}
